// !$*UTF8*$!
{
	archiveVersion = 1;
	classes = {
	};
	objectVersion = 46;
	objects = {

/* Begin PBXBuildFile section */
		F765D48E15451E2000E4BE9E /* UIKit.framework in Frameworks */ = {isa = PBXBuildFile; fileRef = F765D48D15451E2000E4BE9E /* UIKit.framework */; };
		F765D49015451E2000E4BE9E /* Foundation.framework in Frameworks */ = {isa = PBXBuildFile; fileRef = F765D48F15451E2000E4BE9E /* Foundation.framework */; };
		F765D49215451E2000E4BE9E /* CoreGraphics.framework in Frameworks */ = {isa = PBXBuildFile; fileRef = F765D49115451E2000E4BE9E /* CoreGraphics.framework */; };
		F765D49815451E2000E4BE9E /* InfoPlist.strings in Resources */ = {isa = PBXBuildFile; fileRef = F765D49615451E2000E4BE9E /* InfoPlist.strings */; };
		F765D49A15451E2000E4BE9E /* main.m in Sources */ = {isa = PBXBuildFile; fileRef = F765D49915451E2000E4BE9E /* main.m */; };
		F765D49E15451E2000E4BE9E /* AppDelegate.m in Sources */ = {isa = PBXBuildFile; fileRef = F765D49D15451E2000E4BE9E /* AppDelegate.m */; };
		F765D4A115451E2000E4BE9E /* MasterViewController.m in Sources */ = {isa = PBXBuildFile; fileRef = F765D4A015451E2000E4BE9E /* MasterViewController.m */; };
		F765D4A415451E2000E4BE9E /* DetailViewController.m in Sources */ = {isa = PBXBuildFile; fileRef = F765D4A315451E2000E4BE9E /* DetailViewController.m */; };
		F765D4A715451E2000E4BE9E /* MasterViewController_iPhone.xib in Resources */ = {isa = PBXBuildFile; fileRef = F765D4A515451E2000E4BE9E /* MasterViewController_iPhone.xib */; };
		F765D4AA15451E2000E4BE9E /* MasterViewController_iPad.xib in Resources */ = {isa = PBXBuildFile; fileRef = F765D4A815451E2000E4BE9E /* MasterViewController_iPad.xib */; };
		F765D4AD15451E2000E4BE9E /* DetailViewController_iPhone.xib in Resources */ = {isa = PBXBuildFile; fileRef = F765D4AB15451E2000E4BE9E /* DetailViewController_iPhone.xib */; };
		F765D4B015451E2000E4BE9E /* DetailViewController_iPad.xib in Resources */ = {isa = PBXBuildFile; fileRef = F765D4AE15451E2000E4BE9E /* DetailViewController_iPad.xib */; };
		F765D4B815451E2000E4BE9E /* SenTestingKit.framework in Frameworks */ = {isa = PBXBuildFile; fileRef = F765D4B715451E2000E4BE9E /* SenTestingKit.framework */; };
		F765D4B915451E2000E4BE9E /* UIKit.framework in Frameworks */ = {isa = PBXBuildFile; fileRef = F765D48D15451E2000E4BE9E /* UIKit.framework */; };
		F765D4BA15451E2000E4BE9E /* Foundation.framework in Frameworks */ = {isa = PBXBuildFile; fileRef = F765D48F15451E2000E4BE9E /* Foundation.framework */; };
		F765D4C215451E2000E4BE9E /* InfoPlist.strings in Resources */ = {isa = PBXBuildFile; fileRef = F765D4C015451E2000E4BE9E /* InfoPlist.strings */; };
		F765D4C515451E2100E4BE9E /* PhotoforceTests.m in Sources */ = {isa = PBXBuildFile; fileRef = F765D4C415451E2100E4BE9E /* PhotoforceTests.m */; };
		F765D4F215451F4E00E4BE9E /* Facebook.m in Sources */ = {isa = PBXBuildFile; fileRef = F765D4D515451F4D00E4BE9E /* Facebook.m */; settings = {COMPILER_FLAGS = "-fno-objc-arc"; }; };
		F765D4F315451F4E00E4BE9E /* FBDialog.bundle in Resources */ = {isa = PBXBuildFile; fileRef = F765D4D815451F4D00E4BE9E /* FBDialog.bundle */; };
		F765D4F415451F4E00E4BE9E /* FBDialog.m in Sources */ = {isa = PBXBuildFile; fileRef = F765D4DA15451F4D00E4BE9E /* FBDialog.m */; settings = {COMPILER_FLAGS = "-fno-objc-arc"; }; };
		F765D4F515451F4E00E4BE9E /* FBFrictionlessRequestSettings.m in Sources */ = {isa = PBXBuildFile; fileRef = F765D4DC15451F4D00E4BE9E /* FBFrictionlessRequestSettings.m */; settings = {COMPILER_FLAGS = "-fno-objc-arc"; }; };
		F765D4F615451F4E00E4BE9E /* FBLoginDialog.m in Sources */ = {isa = PBXBuildFile; fileRef = F765D4DE15451F4D00E4BE9E /* FBLoginDialog.m */; settings = {COMPILER_FLAGS = "-fno-objc-arc"; }; };
		F765D4F715451F4E00E4BE9E /* FBRequest.m in Sources */ = {isa = PBXBuildFile; fileRef = F765D4E015451F4D00E4BE9E /* FBRequest.m */; settings = {COMPILER_FLAGS = "-fno-objc-arc"; }; };
		F765D4F815451F4E00E4BE9E /* NSObject+SBJSON.m in Sources */ = {isa = PBXBuildFile; fileRef = F765D4E415451F4D00E4BE9E /* NSObject+SBJSON.m */; settings = {COMPILER_FLAGS = "-fno-objc-arc"; }; };
		F765D4F915451F4E00E4BE9E /* NSString+SBJSON.m in Sources */ = {isa = PBXBuildFile; fileRef = F765D4E615451F4D00E4BE9E /* NSString+SBJSON.m */; settings = {COMPILER_FLAGS = "-fno-objc-arc"; }; };
		F765D4FA15451F4E00E4BE9E /* SBJSON.m in Sources */ = {isa = PBXBuildFile; fileRef = F765D4E815451F4D00E4BE9E /* SBJSON.m */; settings = {COMPILER_FLAGS = "-fno-objc-arc"; }; };
		F765D4FB15451F4E00E4BE9E /* SBJsonBase.m in Sources */ = {isa = PBXBuildFile; fileRef = F765D4EA15451F4D00E4BE9E /* SBJsonBase.m */; settings = {COMPILER_FLAGS = "-fno-objc-arc"; }; };
		F765D4FC15451F4E00E4BE9E /* SBJsonParser.m in Sources */ = {isa = PBXBuildFile; fileRef = F765D4EC15451F4D00E4BE9E /* SBJsonParser.m */; settings = {COMPILER_FLAGS = "-fno-objc-arc"; }; };
		F765D4FD15451F4E00E4BE9E /* SBJsonWriter.m in Sources */ = {isa = PBXBuildFile; fileRef = F765D4EE15451F4D00E4BE9E /* SBJsonWriter.m */; settings = {COMPILER_FLAGS = "-fno-objc-arc"; }; };
/* End PBXBuildFile section */

/* Begin PBXContainerItemProxy section */
		F765D4BB15451E2000E4BE9E /* PBXContainerItemProxy */ = {
			isa = PBXContainerItemProxy;
			containerPortal = F765D48015451E2000E4BE9E /* Project object */;
			proxyType = 1;
			remoteGlobalIDString = F765D48815451E2000E4BE9E;
			remoteInfo = Photoforce;
		};
		F765D4FF15451F4E00E4BE9E /* PBXContainerItemProxy */ = {
			isa = PBXContainerItemProxy;
			containerPortal = F765D4D115451F4D00E4BE9E /* facebook-ios-sdk.xcodeproj */;
			proxyType = 2;
			remoteGlobalIDString = D2AAC07E0554694100DB518D;
			remoteInfo = "facebook-ios-sdk";
		};
/* End PBXContainerItemProxy section */

/* Begin PBXFileReference section */
		F765D48915451E2000E4BE9E /* Photoforce.app */ = {isa = PBXFileReference; explicitFileType = wrapper.application; includeInIndex = 0; path = Photoforce.app; sourceTree = BUILT_PRODUCTS_DIR; };
		F765D48D15451E2000E4BE9E /* UIKit.framework */ = {isa = PBXFileReference; lastKnownFileType = wrapper.framework; name = UIKit.framework; path = System/Library/Frameworks/UIKit.framework; sourceTree = SDKROOT; };
		F765D48F15451E2000E4BE9E /* Foundation.framework */ = {isa = PBXFileReference; lastKnownFileType = wrapper.framework; name = Foundation.framework; path = System/Library/Frameworks/Foundation.framework; sourceTree = SDKROOT; };
		F765D49115451E2000E4BE9E /* CoreGraphics.framework */ = {isa = PBXFileReference; lastKnownFileType = wrapper.framework; name = CoreGraphics.framework; path = System/Library/Frameworks/CoreGraphics.framework; sourceTree = SDKROOT; };
		F765D49515451E2000E4BE9E /* Photoforce-Info.plist */ = {isa = PBXFileReference; lastKnownFileType = text.plist.xml; path = "Photoforce-Info.plist"; sourceTree = "<group>"; };
		F765D49715451E2000E4BE9E /* en */ = {isa = PBXFileReference; lastKnownFileType = text.plist.strings; name = en; path = en.lproj/InfoPlist.strings; sourceTree = "<group>"; };
		F765D49915451E2000E4BE9E /* main.m */ = {isa = PBXFileReference; lastKnownFileType = sourcecode.c.objc; path = main.m; sourceTree = "<group>"; };
		F765D49B15451E2000E4BE9E /* Photoforce-Prefix.pch */ = {isa = PBXFileReference; lastKnownFileType = sourcecode.c.h; path = "Photoforce-Prefix.pch"; sourceTree = "<group>"; };
		F765D49C15451E2000E4BE9E /* AppDelegate.h */ = {isa = PBXFileReference; lastKnownFileType = sourcecode.c.h; path = AppDelegate.h; sourceTree = "<group>"; };
		F765D49D15451E2000E4BE9E /* AppDelegate.m */ = {isa = PBXFileReference; lastKnownFileType = sourcecode.c.objc; path = AppDelegate.m; sourceTree = "<group>"; };
		F765D49F15451E2000E4BE9E /* MasterViewController.h */ = {isa = PBXFileReference; lastKnownFileType = sourcecode.c.h; path = MasterViewController.h; sourceTree = "<group>"; };
		F765D4A015451E2000E4BE9E /* MasterViewController.m */ = {isa = PBXFileReference; lastKnownFileType = sourcecode.c.objc; path = MasterViewController.m; sourceTree = "<group>"; };
		F765D4A215451E2000E4BE9E /* DetailViewController.h */ = {isa = PBXFileReference; lastKnownFileType = sourcecode.c.h; path = DetailViewController.h; sourceTree = "<group>"; };
		F765D4A315451E2000E4BE9E /* DetailViewController.m */ = {isa = PBXFileReference; lastKnownFileType = sourcecode.c.objc; path = DetailViewController.m; sourceTree = "<group>"; };
		F765D4A615451E2000E4BE9E /* en */ = {isa = PBXFileReference; lastKnownFileType = file.xib; name = en; path = en.lproj/MasterViewController_iPhone.xib; sourceTree = "<group>"; };
		F765D4A915451E2000E4BE9E /* en */ = {isa = PBXFileReference; lastKnownFileType = file.xib; name = en; path = en.lproj/MasterViewController_iPad.xib; sourceTree = "<group>"; };
		F765D4AC15451E2000E4BE9E /* en */ = {isa = PBXFileReference; lastKnownFileType = file.xib; name = en; path = en.lproj/DetailViewController_iPhone.xib; sourceTree = "<group>"; };
		F765D4AF15451E2000E4BE9E /* en */ = {isa = PBXFileReference; lastKnownFileType = file.xib; name = en; path = en.lproj/DetailViewController_iPad.xib; sourceTree = "<group>"; };
		F765D4B615451E2000E4BE9E /* PhotoforceTests.octest */ = {isa = PBXFileReference; explicitFileType = wrapper.cfbundle; includeInIndex = 0; path = PhotoforceTests.octest; sourceTree = BUILT_PRODUCTS_DIR; };
		F765D4B715451E2000E4BE9E /* SenTestingKit.framework */ = {isa = PBXFileReference; lastKnownFileType = wrapper.framework; name = SenTestingKit.framework; path = Library/Frameworks/SenTestingKit.framework; sourceTree = DEVELOPER_DIR; };
		F765D4BF15451E2000E4BE9E /* PhotoforceTests-Info.plist */ = {isa = PBXFileReference; lastKnownFileType = text.plist.xml; path = "PhotoforceTests-Info.plist"; sourceTree = "<group>"; };
		F765D4C115451E2000E4BE9E /* en */ = {isa = PBXFileReference; lastKnownFileType = text.plist.strings; name = en; path = en.lproj/InfoPlist.strings; sourceTree = "<group>"; };
		F765D4C315451E2000E4BE9E /* PhotoforceTests.h */ = {isa = PBXFileReference; lastKnownFileType = sourcecode.c.h; path = PhotoforceTests.h; sourceTree = "<group>"; };
		F765D4C415451E2100E4BE9E /* PhotoforceTests.m */ = {isa = PBXFileReference; lastKnownFileType = sourcecode.c.objc; path = PhotoforceTests.m; sourceTree = "<group>"; };
		F765D4D115451F4D00E4BE9E /* facebook-ios-sdk.xcodeproj */ = {isa = PBXFileReference; lastKnownFileType = "wrapper.pb-project"; path = "facebook-ios-sdk.xcodeproj"; sourceTree = "<group>"; };
		F765D4D415451F4D00E4BE9E /* Facebook.h */ = {isa = PBXFileReference; fileEncoding = 4; lastKnownFileType = sourcecode.c.h; path = Facebook.h; sourceTree = "<group>"; };
		F765D4D515451F4D00E4BE9E /* Facebook.m */ = {isa = PBXFileReference; fileEncoding = 4; lastKnownFileType = sourcecode.c.objc; path = Facebook.m; sourceTree = "<group>"; };
		F765D4D615451F4D00E4BE9E /* facebook_ios_sdk_Prefix.pch */ = {isa = PBXFileReference; fileEncoding = 4; lastKnownFileType = sourcecode.c.h; path = facebook_ios_sdk_Prefix.pch; sourceTree = "<group>"; };
		F765D4D715451F4D00E4BE9E /* FBConnect.h */ = {isa = PBXFileReference; fileEncoding = 4; lastKnownFileType = sourcecode.c.h; path = FBConnect.h; sourceTree = "<group>"; };
		F765D4D815451F4D00E4BE9E /* FBDialog.bundle */ = {isa = PBXFileReference; lastKnownFileType = "wrapper.plug-in"; path = FBDialog.bundle; sourceTree = "<group>"; };
		F765D4D915451F4D00E4BE9E /* FBDialog.h */ = {isa = PBXFileReference; fileEncoding = 4; lastKnownFileType = sourcecode.c.h; path = FBDialog.h; sourceTree = "<group>"; };
		F765D4DA15451F4D00E4BE9E /* FBDialog.m */ = {isa = PBXFileReference; fileEncoding = 4; lastKnownFileType = sourcecode.c.objc; path = FBDialog.m; sourceTree = "<group>"; };
		F765D4DB15451F4D00E4BE9E /* FBFrictionlessRequestSettings.h */ = {isa = PBXFileReference; fileEncoding = 4; lastKnownFileType = sourcecode.c.h; path = FBFrictionlessRequestSettings.h; sourceTree = "<group>"; };
		F765D4DC15451F4D00E4BE9E /* FBFrictionlessRequestSettings.m */ = {isa = PBXFileReference; fileEncoding = 4; lastKnownFileType = sourcecode.c.objc; path = FBFrictionlessRequestSettings.m; sourceTree = "<group>"; };
		F765D4DD15451F4D00E4BE9E /* FBLoginDialog.h */ = {isa = PBXFileReference; fileEncoding = 4; lastKnownFileType = sourcecode.c.h; path = FBLoginDialog.h; sourceTree = "<group>"; };
		F765D4DE15451F4D00E4BE9E /* FBLoginDialog.m */ = {isa = PBXFileReference; fileEncoding = 4; lastKnownFileType = sourcecode.c.objc; path = FBLoginDialog.m; sourceTree = "<group>"; };
		F765D4DF15451F4D00E4BE9E /* FBRequest.h */ = {isa = PBXFileReference; fileEncoding = 4; lastKnownFileType = sourcecode.c.h; path = FBRequest.h; sourceTree = "<group>"; };
		F765D4E015451F4D00E4BE9E /* FBRequest.m */ = {isa = PBXFileReference; fileEncoding = 4; lastKnownFileType = sourcecode.c.objc; path = FBRequest.m; sourceTree = "<group>"; };
		F765D4E215451F4D00E4BE9E /* JSON.h */ = {isa = PBXFileReference; fileEncoding = 4; lastKnownFileType = sourcecode.c.h; path = JSON.h; sourceTree = "<group>"; };
		F765D4E315451F4D00E4BE9E /* NSObject+SBJSON.h */ = {isa = PBXFileReference; fileEncoding = 4; lastKnownFileType = sourcecode.c.h; path = "NSObject+SBJSON.h"; sourceTree = "<group>"; };
		F765D4E415451F4D00E4BE9E /* NSObject+SBJSON.m */ = {isa = PBXFileReference; fileEncoding = 4; lastKnownFileType = sourcecode.c.objc; path = "NSObject+SBJSON.m"; sourceTree = "<group>"; };
		F765D4E515451F4D00E4BE9E /* NSString+SBJSON.h */ = {isa = PBXFileReference; fileEncoding = 4; lastKnownFileType = sourcecode.c.h; path = "NSString+SBJSON.h"; sourceTree = "<group>"; };
		F765D4E615451F4D00E4BE9E /* NSString+SBJSON.m */ = {isa = PBXFileReference; fileEncoding = 4; lastKnownFileType = sourcecode.c.objc; path = "NSString+SBJSON.m"; sourceTree = "<group>"; };
		F765D4E715451F4D00E4BE9E /* SBJSON.h */ = {isa = PBXFileReference; fileEncoding = 4; lastKnownFileType = sourcecode.c.h; path = SBJSON.h; sourceTree = "<group>"; };
		F765D4E815451F4D00E4BE9E /* SBJSON.m */ = {isa = PBXFileReference; fileEncoding = 4; lastKnownFileType = sourcecode.c.objc; path = SBJSON.m; sourceTree = "<group>"; };
		F765D4E915451F4D00E4BE9E /* SBJsonBase.h */ = {isa = PBXFileReference; fileEncoding = 4; lastKnownFileType = sourcecode.c.h; path = SBJsonBase.h; sourceTree = "<group>"; };
		F765D4EA15451F4D00E4BE9E /* SBJsonBase.m */ = {isa = PBXFileReference; fileEncoding = 4; lastKnownFileType = sourcecode.c.objc; path = SBJsonBase.m; sourceTree = "<group>"; };
		F765D4EB15451F4D00E4BE9E /* SBJsonParser.h */ = {isa = PBXFileReference; fileEncoding = 4; lastKnownFileType = sourcecode.c.h; path = SBJsonParser.h; sourceTree = "<group>"; };
		F765D4EC15451F4D00E4BE9E /* SBJsonParser.m */ = {isa = PBXFileReference; fileEncoding = 4; lastKnownFileType = sourcecode.c.objc; path = SBJsonParser.m; sourceTree = "<group>"; };
		F765D4ED15451F4D00E4BE9E /* SBJsonWriter.h */ = {isa = PBXFileReference; fileEncoding = 4; lastKnownFileType = sourcecode.c.h; path = SBJsonWriter.h; sourceTree = "<group>"; };
		F765D4EE15451F4D00E4BE9E /* SBJsonWriter.m */ = {isa = PBXFileReference; fileEncoding = 4; lastKnownFileType = sourcecode.c.objc; path = SBJsonWriter.m; sourceTree = "<group>"; };
/* End PBXFileReference section */

/* Begin PBXFrameworksBuildPhase section */
		F765D48615451E2000E4BE9E /* Frameworks */ = {
			isa = PBXFrameworksBuildPhase;
			buildActionMask = 2147483647;
			files = (
				F765D48E15451E2000E4BE9E /* UIKit.framework in Frameworks */,
				F765D49015451E2000E4BE9E /* Foundation.framework in Frameworks */,
				F765D49215451E2000E4BE9E /* CoreGraphics.framework in Frameworks */,
			);
			runOnlyForDeploymentPostprocessing = 0;
		};
		F765D4B215451E2000E4BE9E /* Frameworks */ = {
			isa = PBXFrameworksBuildPhase;
			buildActionMask = 2147483647;
			files = (
				F765D4B815451E2000E4BE9E /* SenTestingKit.framework in Frameworks */,
				F765D4B915451E2000E4BE9E /* UIKit.framework in Frameworks */,
				F765D4BA15451E2000E4BE9E /* Foundation.framework in Frameworks */,
			);
			runOnlyForDeploymentPostprocessing = 0;
		};
/* End PBXFrameworksBuildPhase section */

/* Begin PBXGroup section */
		F765D47E15451E2000E4BE9E = {
			isa = PBXGroup;
			children = (
				F765D4CF15451F3B00E4BE9E /* Facebook SDK */,
				F765D49315451E2000E4BE9E /* Photoforce */,
				F765D4BD15451E2000E4BE9E /* PhotoforceTests */,
				F765D48C15451E2000E4BE9E /* Frameworks */,
				F765D48A15451E2000E4BE9E /* Products */,
			);
			sourceTree = "<group>";
		};
		F765D48A15451E2000E4BE9E /* Products */ = {
			isa = PBXGroup;
			children = (
				F765D48915451E2000E4BE9E /* Photoforce.app */,
				F765D4B615451E2000E4BE9E /* PhotoforceTests.octest */,
			);
			name = Products;
			sourceTree = "<group>";
		};
		F765D48C15451E2000E4BE9E /* Frameworks */ = {
			isa = PBXGroup;
			children = (
				F765D48D15451E2000E4BE9E /* UIKit.framework */,
				F765D48F15451E2000E4BE9E /* Foundation.framework */,
				F765D49115451E2000E4BE9E /* CoreGraphics.framework */,
				F765D4B715451E2000E4BE9E /* SenTestingKit.framework */,
			);
			name = Frameworks;
			sourceTree = "<group>";
		};
		F765D49315451E2000E4BE9E /* Photoforce */ = {
			isa = PBXGroup;
			children = (
				F765D5091545289400E4BE9E /* Authentication */,
				F765D4CE15451E3400E4BE9E /* Home */,
				F765D49C15451E2000E4BE9E /* AppDelegate.h */,
				F765D49D15451E2000E4BE9E /* AppDelegate.m */,
				F765D49415451E2000E4BE9E /* Supporting Files */,
			);
			path = Photoforce;
			sourceTree = "<group>";
		};
		F765D49415451E2000E4BE9E /* Supporting Files */ = {
			isa = PBXGroup;
			children = (
				F765D49515451E2000E4BE9E /* Photoforce-Info.plist */,
				F765D49615451E2000E4BE9E /* InfoPlist.strings */,
				F765D49915451E2000E4BE9E /* main.m */,
				F765D49B15451E2000E4BE9E /* Photoforce-Prefix.pch */,
			);
			name = "Supporting Files";
			sourceTree = "<group>";
		};
		F765D4BD15451E2000E4BE9E /* PhotoforceTests */ = {
			isa = PBXGroup;
			children = (
				F765D4C315451E2000E4BE9E /* PhotoforceTests.h */,
				F765D4C415451E2100E4BE9E /* PhotoforceTests.m */,
				F765D4BE15451E2000E4BE9E /* Supporting Files */,
			);
			path = PhotoforceTests;
			sourceTree = "<group>";
		};
		F765D4BE15451E2000E4BE9E /* Supporting Files */ = {
			isa = PBXGroup;
			children = (
				F765D4BF15451E2000E4BE9E /* PhotoforceTests-Info.plist */,
				F765D4C015451E2000E4BE9E /* InfoPlist.strings */,
			);
			name = "Supporting Files";
			sourceTree = "<group>";
		};
		F765D4CE15451E3400E4BE9E /* Home */ = {
			isa = PBXGroup;
			children = (
				F765D49F15451E2000E4BE9E /* MasterViewController.h */,
				F765D4A015451E2000E4BE9E /* MasterViewController.m */,
				F765D4A515451E2000E4BE9E /* MasterViewController_iPhone.xib */,
				F765D4A815451E2000E4BE9E /* MasterViewController_iPad.xib */,
			);
			name = Home;
			sourceTree = "<group>";
		};
		F765D4CF15451F3B00E4BE9E /* Facebook SDK */ = {
			isa = PBXGroup;
			children = (
				F765D4D015451F4D00E4BE9E /* src */,
			);
			name = "Facebook SDK";
			sourceTree = "<group>";
		};
		F765D4D015451F4D00E4BE9E /* src */ = {
			isa = PBXGroup;
			children = (
				F765D4D115451F4D00E4BE9E /* facebook-ios-sdk.xcodeproj */,
				F765D4D415451F4D00E4BE9E /* Facebook.h */,
				F765D4D515451F4D00E4BE9E /* Facebook.m */,
				F765D4D615451F4D00E4BE9E /* facebook_ios_sdk_Prefix.pch */,
				F765D4D715451F4D00E4BE9E /* FBConnect.h */,
				F765D4D815451F4D00E4BE9E /* FBDialog.bundle */,
				F765D4D915451F4D00E4BE9E /* FBDialog.h */,
				F765D4DA15451F4D00E4BE9E /* FBDialog.m */,
				F765D4DB15451F4D00E4BE9E /* FBFrictionlessRequestSettings.h */,
				F765D4DC15451F4D00E4BE9E /* FBFrictionlessRequestSettings.m */,
				F765D4DD15451F4D00E4BE9E /* FBLoginDialog.h */,
				F765D4DE15451F4D00E4BE9E /* FBLoginDialog.m */,
				F765D4DF15451F4D00E4BE9E /* FBRequest.h */,
				F765D4E015451F4D00E4BE9E /* FBRequest.m */,
				F765D4E115451F4D00E4BE9E /* JSON */,
			);
			path = src;
			sourceTree = "<group>";
		};
		F765D4D215451F4D00E4BE9E /* Products */ = {
			isa = PBXGroup;
			children = (
				F765D50015451F4E00E4BE9E /* libfacebook_ios_sdk.a */,
			);
			name = Products;
			sourceTree = "<group>";
		};
		F765D4E115451F4D00E4BE9E /* JSON */ = {
			isa = PBXGroup;
			children = (
				F765D4E215451F4D00E4BE9E /* JSON.h */,
				F765D4E315451F4D00E4BE9E /* NSObject+SBJSON.h */,
				F765D4E415451F4D00E4BE9E /* NSObject+SBJSON.m */,
				F765D4E515451F4D00E4BE9E /* NSString+SBJSON.h */,
				F765D4E615451F4D00E4BE9E /* NSString+SBJSON.m */,
				F765D4E715451F4D00E4BE9E /* SBJSON.h */,
				F765D4E815451F4D00E4BE9E /* SBJSON.m */,
				F765D4E915451F4D00E4BE9E /* SBJsonBase.h */,
				F765D4EA15451F4D00E4BE9E /* SBJsonBase.m */,
				F765D4EB15451F4D00E4BE9E /* SBJsonParser.h */,
				F765D4EC15451F4D00E4BE9E /* SBJsonParser.m */,
				F765D4ED15451F4D00E4BE9E /* SBJsonWriter.h */,
				F765D4EE15451F4D00E4BE9E /* SBJsonWriter.m */,
			);
			path = JSON;
			sourceTree = "<group>";
		};
		F765D5091545289400E4BE9E /* Authentication */ = {
			isa = PBXGroup;
			children = (
				F765D4A215451E2000E4BE9E /* DetailViewController.h */,
				F765D4A315451E2000E4BE9E /* DetailViewController.m */,
				F765D4AB15451E2000E4BE9E /* DetailViewController_iPhone.xib */,
				F765D4AE15451E2000E4BE9E /* DetailViewController_iPad.xib */,
			);
			name = Authentication;
			sourceTree = "<group>";
		};
/* End PBXGroup section */

/* Begin PBXNativeTarget section */
		F765D48815451E2000E4BE9E /* Photoforce */ = {
			isa = PBXNativeTarget;
			buildConfigurationList = F765D4C815451E2100E4BE9E /* Build configuration list for PBXNativeTarget "Photoforce" */;
			buildPhases = (
				F765D48515451E2000E4BE9E /* Sources */,
				F765D48615451E2000E4BE9E /* Frameworks */,
				F765D48715451E2000E4BE9E /* Resources */,
			);
			buildRules = (
			);
			dependencies = (
			);
			name = Photoforce;
			productName = Photoforce;
			productReference = F765D48915451E2000E4BE9E /* Photoforce.app */;
			productType = "com.apple.product-type.application";
		};
		F765D4B515451E2000E4BE9E /* PhotoforceTests */ = {
			isa = PBXNativeTarget;
			buildConfigurationList = F765D4CB15451E2100E4BE9E /* Build configuration list for PBXNativeTarget "PhotoforceTests" */;
			buildPhases = (
				F765D4B115451E2000E4BE9E /* Sources */,
				F765D4B215451E2000E4BE9E /* Frameworks */,
				F765D4B315451E2000E4BE9E /* Resources */,
				F765D4B415451E2000E4BE9E /* ShellScript */,
			);
			buildRules = (
			);
			dependencies = (
				F765D4BC15451E2000E4BE9E /* PBXTargetDependency */,
			);
			name = PhotoforceTests;
			productName = PhotoforceTests;
			productReference = F765D4B615451E2000E4BE9E /* PhotoforceTests.octest */;
			productType = "com.apple.product-type.bundle";
		};
/* End PBXNativeTarget section */

/* Begin PBXProject section */
		F765D48015451E2000E4BE9E /* Project object */ = {
			isa = PBXProject;
			attributes = {
				LastUpgradeCheck = 0430;
			};
			buildConfigurationList = F765D48315451E2000E4BE9E /* Build configuration list for PBXProject "Photoforce" */;
			compatibilityVersion = "Xcode 3.2";
			developmentRegion = English;
			hasScannedForEncodings = 0;
			knownRegions = (
				en,
			);
			mainGroup = F765D47E15451E2000E4BE9E;
			productRefGroup = F765D48A15451E2000E4BE9E /* Products */;
			projectDirPath = "";
			projectReferences = (
				{
					ProductGroup = F765D4D215451F4D00E4BE9E /* Products */;
					ProjectRef = F765D4D115451F4D00E4BE9E /* facebook-ios-sdk.xcodeproj */;
				},
			);
			projectRoot = "";
			targets = (
				F765D48815451E2000E4BE9E /* Photoforce */,
				F765D4B515451E2000E4BE9E /* PhotoforceTests */,
			);
		};
/* End PBXProject section */

/* Begin PBXReferenceProxy section */
		F765D50015451F4E00E4BE9E /* libfacebook_ios_sdk.a */ = {
			isa = PBXReferenceProxy;
			fileType = archive.ar;
			path = libfacebook_ios_sdk.a;
			remoteRef = F765D4FF15451F4E00E4BE9E /* PBXContainerItemProxy */;
			sourceTree = BUILT_PRODUCTS_DIR;
		};
/* End PBXReferenceProxy section */

/* Begin PBXResourcesBuildPhase section */
		F765D48715451E2000E4BE9E /* Resources */ = {
			isa = PBXResourcesBuildPhase;
			buildActionMask = 2147483647;
			files = (
				F765D49815451E2000E4BE9E /* InfoPlist.strings in Resources */,
				F765D4A715451E2000E4BE9E /* MasterViewController_iPhone.xib in Resources */,
				F765D4AA15451E2000E4BE9E /* MasterViewController_iPad.xib in Resources */,
				F765D4AD15451E2000E4BE9E /* DetailViewController_iPhone.xib in Resources */,
				F765D4B015451E2000E4BE9E /* DetailViewController_iPad.xib in Resources */,
				F765D4F315451F4E00E4BE9E /* FBDialog.bundle in Resources */,
			);
			runOnlyForDeploymentPostprocessing = 0;
		};
		F765D4B315451E2000E4BE9E /* Resources */ = {
			isa = PBXResourcesBuildPhase;
			buildActionMask = 2147483647;
			files = (
				F765D4C215451E2000E4BE9E /* InfoPlist.strings in Resources */,
			);
			runOnlyForDeploymentPostprocessing = 0;
		};
/* End PBXResourcesBuildPhase section */

/* Begin PBXShellScriptBuildPhase section */
		F765D4B415451E2000E4BE9E /* ShellScript */ = {
			isa = PBXShellScriptBuildPhase;
			buildActionMask = 2147483647;
			files = (
			);
			inputPaths = (
			);
			outputPaths = (
			);
			runOnlyForDeploymentPostprocessing = 0;
			shellPath = /bin/sh;
			shellScript = "# Run the unit tests in this test bundle.\n\"${SYSTEM_DEVELOPER_DIR}/Tools/RunUnitTests\"\n";
		};
/* End PBXShellScriptBuildPhase section */

/* Begin PBXSourcesBuildPhase section */
		F765D48515451E2000E4BE9E /* Sources */ = {
			isa = PBXSourcesBuildPhase;
			buildActionMask = 2147483647;
			files = (
				F765D49A15451E2000E4BE9E /* main.m in Sources */,
				F765D49E15451E2000E4BE9E /* AppDelegate.m in Sources */,
				F765D4A115451E2000E4BE9E /* MasterViewController.m in Sources */,
				F765D4A415451E2000E4BE9E /* DetailViewController.m in Sources */,
				F765D4F215451F4E00E4BE9E /* Facebook.m in Sources */,
				F765D4F415451F4E00E4BE9E /* FBDialog.m in Sources */,
				F765D4F515451F4E00E4BE9E /* FBFrictionlessRequestSettings.m in Sources */,
				F765D4F615451F4E00E4BE9E /* FBLoginDialog.m in Sources */,
				F765D4F715451F4E00E4BE9E /* FBRequest.m in Sources */,
				F765D4F815451F4E00E4BE9E /* NSObject+SBJSON.m in Sources */,
				F765D4F915451F4E00E4BE9E /* NSString+SBJSON.m in Sources */,
				F765D4FA15451F4E00E4BE9E /* SBJSON.m in Sources */,
				F765D4FB15451F4E00E4BE9E /* SBJsonBase.m in Sources */,
				F765D4FC15451F4E00E4BE9E /* SBJsonParser.m in Sources */,
				F765D4FD15451F4E00E4BE9E /* SBJsonWriter.m in Sources */,
			);
			runOnlyForDeploymentPostprocessing = 0;
		};
		F765D4B115451E2000E4BE9E /* Sources */ = {
			isa = PBXSourcesBuildPhase;
			buildActionMask = 2147483647;
			files = (
				F765D4C515451E2100E4BE9E /* PhotoforceTests.m in Sources */,
			);
			runOnlyForDeploymentPostprocessing = 0;
		};
/* End PBXSourcesBuildPhase section */

/* Begin PBXTargetDependency section */
		F765D4BC15451E2000E4BE9E /* PBXTargetDependency */ = {
			isa = PBXTargetDependency;
			target = F765D48815451E2000E4BE9E /* Photoforce */;
			targetProxy = F765D4BB15451E2000E4BE9E /* PBXContainerItemProxy */;
		};
/* End PBXTargetDependency section */

/* Begin PBXVariantGroup section */
		F765D49615451E2000E4BE9E /* InfoPlist.strings */ = {
			isa = PBXVariantGroup;
			children = (
				F765D49715451E2000E4BE9E /* en */,
			);
			name = InfoPlist.strings;
			sourceTree = "<group>";
		};
		F765D4A515451E2000E4BE9E /* MasterViewController_iPhone.xib */ = {
			isa = PBXVariantGroup;
			children = (
				F765D4A615451E2000E4BE9E /* en */,
			);
			name = MasterViewController_iPhone.xib;
			sourceTree = "<group>";
		};
		F765D4A815451E2000E4BE9E /* MasterViewController_iPad.xib */ = {
			isa = PBXVariantGroup;
			children = (
				F765D4A915451E2000E4BE9E /* en */,
			);
			name = MasterViewController_iPad.xib;
			sourceTree = "<group>";
		};
		F765D4AB15451E2000E4BE9E /* DetailViewController_iPhone.xib */ = {
			isa = PBXVariantGroup;
			children = (
				F765D4AC15451E2000E4BE9E /* en */,
			);
			name = DetailViewController_iPhone.xib;
			sourceTree = "<group>";
		};
		F765D4AE15451E2000E4BE9E /* DetailViewController_iPad.xib */ = {
			isa = PBXVariantGroup;
			children = (
				F765D4AF15451E2000E4BE9E /* en */,
			);
			name = DetailViewController_iPad.xib;
			sourceTree = "<group>";
		};
		F765D4C015451E2000E4BE9E /* InfoPlist.strings */ = {
			isa = PBXVariantGroup;
			children = (
				F765D4C115451E2000E4BE9E /* en */,
			);
			name = InfoPlist.strings;
			sourceTree = "<group>";
		};
/* End PBXVariantGroup section */

/* Begin XCBuildConfiguration section */
		F765D4C615451E2100E4BE9E /* Debug */ = {
			isa = XCBuildConfiguration;
			buildSettings = {
				ALWAYS_SEARCH_USER_PATHS = NO;
				ARCHS = "$(ARCHS_STANDARD_32_BIT)";
				CLANG_ENABLE_OBJC_ARC = YES;
				"CODE_SIGN_IDENTITY[sdk=iphoneos*]" = "iPhone Developer";
				COPY_PHASE_STRIP = NO;
				GCC_C_LANGUAGE_STANDARD = gnu99;
				GCC_DYNAMIC_NO_PIC = NO;
				GCC_OPTIMIZATION_LEVEL = 0;
				GCC_PREPROCESSOR_DEFINITIONS = (
					"DEBUG=1",
					"$(inherited)",
				);
				GCC_SYMBOLS_PRIVATE_EXTERN = NO;
				GCC_VERSION = com.apple.compilers.llvm.clang.1_0;
				GCC_WARN_ABOUT_RETURN_TYPE = YES;
				GCC_WARN_UNINITIALIZED_AUTOS = YES;
				GCC_WARN_UNUSED_VARIABLE = YES;
				IPHONEOS_DEPLOYMENT_TARGET = 5.1;
				SDKROOT = iphoneos;
				TARGETED_DEVICE_FAMILY = "1,2";
			};
			name = Debug;
		};
		F765D4C715451E2100E4BE9E /* Release */ = {
			isa = XCBuildConfiguration;
			buildSettings = {
				ALWAYS_SEARCH_USER_PATHS = NO;
				ARCHS = "$(ARCHS_STANDARD_32_BIT)";
				CLANG_ENABLE_OBJC_ARC = YES;
				"CODE_SIGN_IDENTITY[sdk=iphoneos*]" = "iPhone Developer";
				COPY_PHASE_STRIP = YES;
				GCC_C_LANGUAGE_STANDARD = gnu99;
				GCC_VERSION = com.apple.compilers.llvm.clang.1_0;
				GCC_WARN_ABOUT_RETURN_TYPE = YES;
				GCC_WARN_UNINITIALIZED_AUTOS = YES;
				GCC_WARN_UNUSED_VARIABLE = YES;
				IPHONEOS_DEPLOYMENT_TARGET = 5.1;
				OTHER_CFLAGS = "-DNS_BLOCK_ASSERTIONS=1";
				SDKROOT = iphoneos;
				TARGETED_DEVICE_FAMILY = "1,2";
				VALIDATE_PRODUCT = YES;
			};
			name = Release;
		};
		F765D4C915451E2100E4BE9E /* Debug */ = {
			isa = XCBuildConfiguration;
			buildSettings = {
				GCC_PRECOMPILE_PREFIX_HEADER = YES;
				GCC_PREFIX_HEADER = "Photoforce/Photoforce-Prefix.pch";
				INFOPLIST_FILE = "Photoforce/Photoforce-Info.plist";
				PRODUCT_NAME = "$(TARGET_NAME)";
				WRAPPER_EXTENSION = app;
			};
			name = Debug;
		};
		F765D4CA15451E2100E4BE9E /* Release */ = {
			isa = XCBuildConfiguration;
			buildSettings = {
				GCC_PRECOMPILE_PREFIX_HEADER = YES;
				GCC_PREFIX_HEADER = "Photoforce/Photoforce-Prefix.pch";
				INFOPLIST_FILE = "Photoforce/Photoforce-Info.plist";
				PRODUCT_NAME = "$(TARGET_NAME)";
				WRAPPER_EXTENSION = app;
			};
			name = Release;
		};
		F765D4CC15451E2100E4BE9E /* Debug */ = {
			isa = XCBuildConfiguration;
			buildSettings = {
				BUNDLE_LOADER = "$(BUILT_PRODUCTS_DIR)/Photoforce.app/Photoforce";
				FRAMEWORK_SEARCH_PATHS = (
					"$(SDKROOT)/Developer/Library/Frameworks",
					"$(DEVELOPER_LIBRARY_DIR)/Frameworks",
				);
				GCC_PRECOMPILE_PREFIX_HEADER = YES;
				GCC_PREFIX_HEADER = "Photoforce/Photoforce-Prefix.pch";
				INFOPLIST_FILE = "PhotoforceTests/PhotoforceTests-Info.plist";
				PRODUCT_NAME = "$(TARGET_NAME)";
				TEST_HOST = "$(BUNDLE_LOADER)";
				WRAPPER_EXTENSION = octest;
			};
			name = Debug;
		};
		F765D4CD15451E2100E4BE9E /* Release */ = {
			isa = XCBuildConfiguration;
			buildSettings = {
				BUNDLE_LOADER = "$(BUILT_PRODUCTS_DIR)/Photoforce.app/Photoforce";
				FRAMEWORK_SEARCH_PATHS = (
					"$(SDKROOT)/Developer/Library/Frameworks",
					"$(DEVELOPER_LIBRARY_DIR)/Frameworks",
				);
				GCC_PRECOMPILE_PREFIX_HEADER = YES;
				GCC_PREFIX_HEADER = "Photoforce/Photoforce-Prefix.pch";
				INFOPLIST_FILE = "PhotoforceTests/PhotoforceTests-Info.plist";
				PRODUCT_NAME = "$(TARGET_NAME)";
				TEST_HOST = "$(BUNDLE_LOADER)";
				WRAPPER_EXTENSION = octest;
			};
			name = Release;
		};
/* End XCBuildConfiguration section */

/* Begin XCConfigurationList section */
		F765D48315451E2000E4BE9E /* Build configuration list for PBXProject "Photoforce" */ = {
			isa = XCConfigurationList;
			buildConfigurations = (
				F765D4C615451E2100E4BE9E /* Debug */,
				F765D4C715451E2100E4BE9E /* Release */,
			);
			defaultConfigurationIsVisible = 0;
			defaultConfigurationName = Release;
		};
		F765D4C815451E2100E4BE9E /* Build configuration list for PBXNativeTarget "Photoforce" */ = {
			isa = XCConfigurationList;
			buildConfigurations = (
				F765D4C915451E2100E4BE9E /* Debug */,
				F765D4CA15451E2100E4BE9E /* Release */,
			);
			defaultConfigurationIsVisible = 0;
		};
		F765D4CB15451E2100E4BE9E /* Build configuration list for PBXNativeTarget "PhotoforceTests" */ = {
			isa = XCConfigurationList;
			buildConfigurations = (
				F765D4CC15451E2100E4BE9E /* Debug */,
				F765D4CD15451E2100E4BE9E /* Release */,
			);
			defaultConfigurationIsVisible = 0;
		};
/* End XCConfigurationList section */
	};
	rootObject = F765D48015451E2000E4BE9E /* Project object */;
}
