// !$*UTF8*$!
{
	archiveVersion = 1;
	classes = {
	};
	objectVersion = 46;
	objects = {

/* Begin PBXBuildFile section */
		8C1F673114A7E4C000B475D8 /* libFlurryAnalytics.a in Frameworks */ = {isa = PBXBuildFile; fileRef = 8C1F672F14A7E4C000B475D8 /* libFlurryAnalytics.a */; };
		8C1F673A14A7EAC700B475D8 /* JBKenBurnsView.m in Sources */ = {isa = PBXBuildFile; fileRef = 8C1F673814A7EAC600B475D8 /* JBKenBurnsView.m */; };
		8C1F674214A7EC8D00B475D8 /* image1.jpeg in Resources */ = {isa = PBXBuildFile; fileRef = 8C1F673D14A7EC8D00B475D8 /* image1.jpeg */; };
		8C1F674314A7EC8D00B475D8 /* image2.jpeg in Resources */ = {isa = PBXBuildFile; fileRef = 8C1F673E14A7EC8D00B475D8 /* image2.jpeg */; };
		8C1F674414A7EC8D00B475D8 /* image3.jpeg in Resources */ = {isa = PBXBuildFile; fileRef = 8C1F673F14A7EC8D00B475D8 /* image3.jpeg */; };
		8C1F674514A7EC8D00B475D8 /* image4.png in Resources */ = {isa = PBXBuildFile; fileRef = 8C1F674014A7EC8D00B475D8 /* image4.png */; };
		8C1F674614A7EC8D00B475D8 /* image5.png in Resources */ = {isa = PBXBuildFile; fileRef = 8C1F674114A7EC8D00B475D8 /* image5.png */; };
		8CD3B07814A81B7100C55AAB /* iphone-linen.png in Resources */ = {isa = PBXBuildFile; fileRef = 8CD3B07714A81B7100C55AAB /* iphone-linen.png */; };
		8CD3B08814A82B9A00C55AAB /* header.png in Resources */ = {isa = PBXBuildFile; fileRef = 8CD3B08614A82B9A00C55AAB /* header.png */; };
		8CD3B08914A82B9A00C55AAB /* header@2x.png in Resources */ = {isa = PBXBuildFile; fileRef = 8CD3B08714A82B9A00C55AAB /* header@2x.png */; };
		F714E14514A0611700E24956 /* DetailViewController.m in Sources */ = {isa = PBXBuildFile; fileRef = F714E14314A0611700E24956 /* DetailViewController.m */; };
		F714E14614A0611700E24956 /* DetailViewController.xib in Resources */ = {isa = PBXBuildFile; fileRef = F714E14414A0611700E24956 /* DetailViewController.xib */; };
		F731E167149DBE4500F2DB5C /* film_strip_gif.png in Resources */ = {isa = PBXBuildFile; fileRef = F731E166149DBE4500F2DB5C /* film_strip_gif.png */; };
		F731E18C149DD05D00F2DB5C /* QuartzCore.framework in Frameworks */ = {isa = PBXBuildFile; fileRef = F731E18B149DD05D00F2DB5C /* QuartzCore.framework */; };
		F731E191149DD09400F2DB5C /* EGORefreshTableHeaderView.m in Sources */ = {isa = PBXBuildFile; fileRef = F731E18E149DD09400F2DB5C /* EGORefreshTableHeaderView.m */; settings = {COMPILER_FLAGS = "-fno-objc-arc"; }; };
		F731E192149DD09400F2DB5C /* ListViewController.m in Sources */ = {isa = PBXBuildFile; fileRef = F731E190149DD09400F2DB5C /* ListViewController.m */; settings = {COMPILER_FLAGS = "-fno-objc-arc"; }; };
		F731E199149DD16100F2DB5C /* blackArrow.png in Resources */ = {isa = PBXBuildFile; fileRef = F731E193149DD16100F2DB5C /* blackArrow.png */; };
		F731E19A149DD16100F2DB5C /* blackArrow@2x.png in Resources */ = {isa = PBXBuildFile; fileRef = F731E194149DD16100F2DB5C /* blackArrow@2x.png */; };
		F731E19B149DD16100F2DB5C /* blueArrow.png in Resources */ = {isa = PBXBuildFile; fileRef = F731E195149DD16100F2DB5C /* blueArrow.png */; };
		F731E19C149DD16100F2DB5C /* blueArrow@2x.png in Resources */ = {isa = PBXBuildFile; fileRef = F731E196149DD16100F2DB5C /* blueArrow@2x.png */; };
		F731E19D149DD16100F2DB5C /* grayArrow.png in Resources */ = {isa = PBXBuildFile; fileRef = F731E197149DD16100F2DB5C /* grayArrow.png */; };
		F731E19E149DD16100F2DB5C /* grayArrow@2x.png in Resources */ = {isa = PBXBuildFile; fileRef = F731E198149DD16100F2DB5C /* grayArrow@2x.png */; };
		F7859DE0148AB63D00B1F94C /* UIKit.framework in Frameworks */ = {isa = PBXBuildFile; fileRef = F7859DDF148AB63D00B1F94C /* UIKit.framework */; };
		F7859DE2148AB63D00B1F94C /* Foundation.framework in Frameworks */ = {isa = PBXBuildFile; fileRef = F7859DE1148AB63D00B1F94C /* Foundation.framework */; };
		F7859DE4148AB63D00B1F94C /* CoreGraphics.framework in Frameworks */ = {isa = PBXBuildFile; fileRef = F7859DE3148AB63D00B1F94C /* CoreGraphics.framework */; };
		F7859DEA148AB63D00B1F94C /* InfoPlist.strings in Resources */ = {isa = PBXBuildFile; fileRef = F7859DE8148AB63D00B1F94C /* InfoPlist.strings */; };
		F7859DEC148AB63D00B1F94C /* main.m in Sources */ = {isa = PBXBuildFile; fileRef = F7859DEB148AB63D00B1F94C /* main.m */; };
		F7859DF0148AB63D00B1F94C /* AppDelegate.m in Sources */ = {isa = PBXBuildFile; fileRef = F7859DEF148AB63D00B1F94C /* AppDelegate.m */; };
		F7859DF3148AB63D00B1F94C /* MainStoryboard.storyboard in Resources */ = {isa = PBXBuildFile; fileRef = F7859DF1148AB63D00B1F94C /* MainStoryboard.storyboard */; };
		F7859E01148AB63E00B1F94C /* SenTestingKit.framework in Frameworks */ = {isa = PBXBuildFile; fileRef = F7859E00148AB63E00B1F94C /* SenTestingKit.framework */; };
		F7859E02148AB63E00B1F94C /* UIKit.framework in Frameworks */ = {isa = PBXBuildFile; fileRef = F7859DDF148AB63D00B1F94C /* UIKit.framework */; };
		F7859E03148AB63E00B1F94C /* Foundation.framework in Frameworks */ = {isa = PBXBuildFile; fileRef = F7859DE1148AB63D00B1F94C /* Foundation.framework */; };
		F7859E0B148AB63E00B1F94C /* InfoPlist.strings in Resources */ = {isa = PBXBuildFile; fileRef = F7859E09148AB63E00B1F94C /* InfoPlist.strings */; };
		F7859E0E148AB63E00B1F94C /* PhotoforceTests.m in Sources */ = {isa = PBXBuildFile; fileRef = F7859E0D148AB63E00B1F94C /* PhotoforceTests.m */; };
		F7CBBE941491CD9E003EC06E /* AsyncCell.m in Sources */ = {isa = PBXBuildFile; fileRef = F7CBBE911491CD9E003EC06E /* AsyncCell.m */; };
		F7CBBE951491CD9E003EC06E /* FastCell.m in Sources */ = {isa = PBXBuildFile; fileRef = F7CBBE931491CD9E003EC06E /* FastCell.m */; settings = {COMPILER_FLAGS = "-fno-objc-arc"; }; };
		F7CBBEB51491CE63003EC06E /* AFHTTPClient.m in Sources */ = {isa = PBXBuildFile; fileRef = F7CBBEA11491CE63003EC06E /* AFHTTPClient.m */; settings = {COMPILER_FLAGS = "-fno-objc-arc"; }; };
		F7CBBEB61491CE63003EC06E /* AFHTTPRequestOperation.m in Sources */ = {isa = PBXBuildFile; fileRef = F7CBBEA31491CE63003EC06E /* AFHTTPRequestOperation.m */; settings = {COMPILER_FLAGS = "-fno-objc-arc"; }; };
		F7CBBEB71491CE63003EC06E /* AFImageCache.m in Sources */ = {isa = PBXBuildFile; fileRef = F7CBBEA51491CE63003EC06E /* AFImageCache.m */; settings = {COMPILER_FLAGS = "-fno-objc-arc"; }; };
		F7CBBEB81491CE63003EC06E /* AFImageRequestOperation.m in Sources */ = {isa = PBXBuildFile; fileRef = F7CBBEA71491CE63003EC06E /* AFImageRequestOperation.m */; settings = {COMPILER_FLAGS = "-fno-objc-arc"; }; };
		F7CBBEB91491CE63003EC06E /* AFJSONRequestOperation.m in Sources */ = {isa = PBXBuildFile; fileRef = F7CBBEA91491CE63003EC06E /* AFJSONRequestOperation.m */; settings = {COMPILER_FLAGS = "-fno-objc-arc"; }; };
		F7CBBEBA1491CE63003EC06E /* AFNetworkActivityIndicatorManager.m in Sources */ = {isa = PBXBuildFile; fileRef = F7CBBEAB1491CE63003EC06E /* AFNetworkActivityIndicatorManager.m */; settings = {COMPILER_FLAGS = "-fno-objc-arc"; }; };
		F7CBBEBB1491CE63003EC06E /* AFPropertyListRequestOperation.m in Sources */ = {isa = PBXBuildFile; fileRef = F7CBBEAE1491CE63003EC06E /* AFPropertyListRequestOperation.m */; settings = {COMPILER_FLAGS = "-fno-objc-arc"; }; };
		F7CBBEBC1491CE63003EC06E /* AFURLConnectionOperation.m in Sources */ = {isa = PBXBuildFile; fileRef = F7CBBEB01491CE63003EC06E /* AFURLConnectionOperation.m */; settings = {COMPILER_FLAGS = "-fno-objc-arc"; }; };
		F7CBBEBD1491CE63003EC06E /* AFXMLRequestOperation.m in Sources */ = {isa = PBXBuildFile; fileRef = F7CBBEB21491CE63003EC06E /* AFXMLRequestOperation.m */; settings = {COMPILER_FLAGS = "-fno-objc-arc"; }; };
		F7CBBEBE1491CE63003EC06E /* UIImageView+AFNetworking.m in Sources */ = {isa = PBXBuildFile; fileRef = F7CBBEB41491CE63003EC06E /* UIImageView+AFNetworking.m */; settings = {COMPILER_FLAGS = "-fno-objc-arc"; }; };
		F7CBBEC11491CE73003EC06E /* DictionaryHelper.m in Sources */ = {isa = PBXBuildFile; fileRef = F7CBBEC01491CE73003EC06E /* DictionaryHelper.m */; settings = {COMPILER_FLAGS = "-fno-objc-arc"; }; };
		F7CBBEC41491CEA3003EC06E /* JSONKit.m in Sources */ = {isa = PBXBuildFile; fileRef = F7CBBEC31491CEA3003EC06E /* JSONKit.m */; settings = {COMPILER_FLAGS = "-fno-objc-arc"; }; };
		F7EAE9E8148B0269003187B8 /* Facebook.m in Sources */ = {isa = PBXBuildFile; fileRef = F7EAE9CD148B0269003187B8 /* Facebook.m */; settings = {COMPILER_FLAGS = "-fno-objc-arc"; }; };
		F7EAE9E9148B0269003187B8 /* FBDialog.bundle in Resources */ = {isa = PBXBuildFile; fileRef = F7EAE9D0148B0269003187B8 /* FBDialog.bundle */; };
		F7EAE9EA148B0269003187B8 /* FBDialog.m in Sources */ = {isa = PBXBuildFile; fileRef = F7EAE9D2148B0269003187B8 /* FBDialog.m */; settings = {COMPILER_FLAGS = "-fno-objc-arc"; }; };
		F7EAE9EB148B0269003187B8 /* FBLoginDialog.m in Sources */ = {isa = PBXBuildFile; fileRef = F7EAE9D4148B0269003187B8 /* FBLoginDialog.m */; settings = {COMPILER_FLAGS = "-fno-objc-arc"; }; };
		F7EAE9EC148B0269003187B8 /* FBRequest.m in Sources */ = {isa = PBXBuildFile; fileRef = F7EAE9D6148B0269003187B8 /* FBRequest.m */; settings = {COMPILER_FLAGS = "-fno-objc-arc"; }; };
		F7EAE9ED148B0269003187B8 /* NSObject+SBJSON.m in Sources */ = {isa = PBXBuildFile; fileRef = F7EAE9DA148B0269003187B8 /* NSObject+SBJSON.m */; settings = {COMPILER_FLAGS = "-fno-objc-arc"; }; };
		F7EAE9EE148B0269003187B8 /* NSString+SBJSON.m in Sources */ = {isa = PBXBuildFile; fileRef = F7EAE9DC148B0269003187B8 /* NSString+SBJSON.m */; settings = {COMPILER_FLAGS = "-fno-objc-arc"; }; };
		F7EAE9EF148B0269003187B8 /* SBJSON.m in Sources */ = {isa = PBXBuildFile; fileRef = F7EAE9DE148B0269003187B8 /* SBJSON.m */; settings = {COMPILER_FLAGS = "-fno-objc-arc"; }; };
		F7EAE9F0148B0269003187B8 /* SBJsonBase.m in Sources */ = {isa = PBXBuildFile; fileRef = F7EAE9E0148B0269003187B8 /* SBJsonBase.m */; settings = {COMPILER_FLAGS = "-fno-objc-arc"; }; };
		F7EAE9F1148B0269003187B8 /* SBJsonParser.m in Sources */ = {isa = PBXBuildFile; fileRef = F7EAE9E2148B0269003187B8 /* SBJsonParser.m */; settings = {COMPILER_FLAGS = "-fno-objc-arc"; }; };
		F7EAE9F2148B0269003187B8 /* SBJsonWriter.m in Sources */ = {isa = PBXBuildFile; fileRef = F7EAE9E4148B0269003187B8 /* SBJsonWriter.m */; settings = {COMPILER_FLAGS = "-fno-objc-arc"; }; };
		F7EAE9FB148B59AC003187B8 /* HomeScreenViewController.m in Sources */ = {isa = PBXBuildFile; fileRef = F7EAE9FA148B59AC003187B8 /* HomeScreenViewController.m */; };
/* End PBXBuildFile section */

/* Begin PBXContainerItemProxy section */
		F7859E04148AB63E00B1F94C /* PBXContainerItemProxy */ = {
			isa = PBXContainerItemProxy;
			containerPortal = F7859DD2148AB63D00B1F94C /* Project object */;
			proxyType = 1;
			remoteGlobalIDString = F7859DDA148AB63D00B1F94C;
			remoteInfo = Photoforce;
		};
/* End PBXContainerItemProxy section */

/* Begin PBXFileReference section */
		8C1F672F14A7E4C000B475D8 /* libFlurryAnalytics.a */ = {isa = PBXFileReference; lastKnownFileType = archive.ar; path = libFlurryAnalytics.a; sourceTree = "<group>"; };
		8C1F673014A7E4C000B475D8 /* FlurryAnalytics.h */ = {isa = PBXFileReference; fileEncoding = 4; lastKnownFileType = sourcecode.objj.h; path = FlurryAnalytics.h; sourceTree = "<group>"; };
		8C1F673714A7EAC600B475D8 /* JBKenBurnsView.h */ = {isa = PBXFileReference; fileEncoding = 4; lastKnownFileType = sourcecode.objj.h; path = JBKenBurnsView.h; sourceTree = "<group>"; };
		8C1F673814A7EAC600B475D8 /* JBKenBurnsView.m */ = {isa = PBXFileReference; fileEncoding = 4; lastKnownFileType = sourcecode.c.objc; path = JBKenBurnsView.m; sourceTree = "<group>"; };
		8C1F673D14A7EC8D00B475D8 /* image1.jpeg */ = {isa = PBXFileReference; lastKnownFileType = image.jpeg; path = image1.jpeg; sourceTree = "<group>"; };
		8C1F673E14A7EC8D00B475D8 /* image2.jpeg */ = {isa = PBXFileReference; lastKnownFileType = image.jpeg; path = image2.jpeg; sourceTree = "<group>"; };
		8C1F673F14A7EC8D00B475D8 /* image3.jpeg */ = {isa = PBXFileReference; lastKnownFileType = image.jpeg; path = image3.jpeg; sourceTree = "<group>"; };
		8C1F674014A7EC8D00B475D8 /* image4.png */ = {isa = PBXFileReference; lastKnownFileType = image.png; path = image4.png; sourceTree = "<group>"; };
		8C1F674114A7EC8D00B475D8 /* image5.png */ = {isa = PBXFileReference; lastKnownFileType = image.png; path = image5.png; sourceTree = "<group>"; };
		8CD3B07714A81B7100C55AAB /* iphone-linen.png */ = {isa = PBXFileReference; lastKnownFileType = image.png; path = "iphone-linen.png"; sourceTree = "<group>"; };
		8CD3B08614A82B9A00C55AAB /* header.png */ = {isa = PBXFileReference; lastKnownFileType = image.png; path = header.png; sourceTree = "<group>"; };
		8CD3B08714A82B9A00C55AAB /* header@2x.png */ = {isa = PBXFileReference; lastKnownFileType = image.png; path = "header@2x.png"; sourceTree = "<group>"; };
		F714E14214A0611700E24956 /* DetailViewController.h */ = {isa = PBXFileReference; fileEncoding = 4; lastKnownFileType = sourcecode.c.h; path = DetailViewController.h; sourceTree = "<group>"; };
		F714E14314A0611700E24956 /* DetailViewController.m */ = {isa = PBXFileReference; fileEncoding = 4; lastKnownFileType = sourcecode.c.objc; path = DetailViewController.m; sourceTree = "<group>"; };
		F714E14414A0611700E24956 /* DetailViewController.xib */ = {isa = PBXFileReference; fileEncoding = 4; lastKnownFileType = file.xib; path = DetailViewController.xib; sourceTree = "<group>"; };
		F731E166149DBE4500F2DB5C /* film_strip_gif.png */ = {isa = PBXFileReference; lastKnownFileType = image.png; path = film_strip_gif.png; sourceTree = "<group>"; };
		F731E18B149DD05D00F2DB5C /* QuartzCore.framework */ = {isa = PBXFileReference; lastKnownFileType = wrapper.framework; name = QuartzCore.framework; path = System/Library/Frameworks/QuartzCore.framework; sourceTree = SDKROOT; };
		F731E18D149DD09400F2DB5C /* EGORefreshTableHeaderView.h */ = {isa = PBXFileReference; fileEncoding = 4; lastKnownFileType = sourcecode.c.h; path = EGORefreshTableHeaderView.h; sourceTree = "<group>"; };
		F731E18E149DD09400F2DB5C /* EGORefreshTableHeaderView.m */ = {isa = PBXFileReference; fileEncoding = 4; lastKnownFileType = sourcecode.c.objc; path = EGORefreshTableHeaderView.m; sourceTree = "<group>"; };
		F731E18F149DD09400F2DB5C /* ListViewController.h */ = {isa = PBXFileReference; fileEncoding = 4; lastKnownFileType = sourcecode.c.h; path = ListViewController.h; sourceTree = "<group>"; };
		F731E190149DD09400F2DB5C /* ListViewController.m */ = {isa = PBXFileReference; fileEncoding = 4; lastKnownFileType = sourcecode.c.objc; path = ListViewController.m; sourceTree = "<group>"; };
		F731E193149DD16100F2DB5C /* blackArrow.png */ = {isa = PBXFileReference; lastKnownFileType = image.png; path = blackArrow.png; sourceTree = "<group>"; };
		F731E194149DD16100F2DB5C /* blackArrow@2x.png */ = {isa = PBXFileReference; lastKnownFileType = image.png; path = "blackArrow@2x.png"; sourceTree = "<group>"; };
		F731E195149DD16100F2DB5C /* blueArrow.png */ = {isa = PBXFileReference; lastKnownFileType = image.png; path = blueArrow.png; sourceTree = "<group>"; };
		F731E196149DD16100F2DB5C /* blueArrow@2x.png */ = {isa = PBXFileReference; lastKnownFileType = image.png; path = "blueArrow@2x.png"; sourceTree = "<group>"; };
		F731E197149DD16100F2DB5C /* grayArrow.png */ = {isa = PBXFileReference; lastKnownFileType = image.png; path = grayArrow.png; sourceTree = "<group>"; };
		F731E198149DD16100F2DB5C /* grayArrow@2x.png */ = {isa = PBXFileReference; lastKnownFileType = image.png; path = "grayArrow@2x.png"; sourceTree = "<group>"; };
		F7859DDB148AB63D00B1F94C /* Photoforce.app */ = {isa = PBXFileReference; explicitFileType = wrapper.application; includeInIndex = 0; path = Photoforce.app; sourceTree = BUILT_PRODUCTS_DIR; };
		F7859DDF148AB63D00B1F94C /* UIKit.framework */ = {isa = PBXFileReference; lastKnownFileType = wrapper.framework; name = UIKit.framework; path = System/Library/Frameworks/UIKit.framework; sourceTree = SDKROOT; };
		F7859DE1148AB63D00B1F94C /* Foundation.framework */ = {isa = PBXFileReference; lastKnownFileType = wrapper.framework; name = Foundation.framework; path = System/Library/Frameworks/Foundation.framework; sourceTree = SDKROOT; };
		F7859DE3148AB63D00B1F94C /* CoreGraphics.framework */ = {isa = PBXFileReference; lastKnownFileType = wrapper.framework; name = CoreGraphics.framework; path = System/Library/Frameworks/CoreGraphics.framework; sourceTree = SDKROOT; };
		F7859DE7148AB63D00B1F94C /* Photoforce-Info.plist */ = {isa = PBXFileReference; lastKnownFileType = text.plist.xml; path = "Photoforce-Info.plist"; sourceTree = "<group>"; };
		F7859DE9148AB63D00B1F94C /* en */ = {isa = PBXFileReference; lastKnownFileType = text.plist.strings; name = en; path = en.lproj/InfoPlist.strings; sourceTree = "<group>"; };
		F7859DEB148AB63D00B1F94C /* main.m */ = {isa = PBXFileReference; lastKnownFileType = sourcecode.c.objc; path = main.m; sourceTree = "<group>"; };
		F7859DED148AB63D00B1F94C /* Photoforce-Prefix.pch */ = {isa = PBXFileReference; lastKnownFileType = sourcecode.c.h; path = "Photoforce-Prefix.pch"; sourceTree = "<group>"; };
		F7859DEE148AB63D00B1F94C /* AppDelegate.h */ = {isa = PBXFileReference; lastKnownFileType = sourcecode.c.h; path = AppDelegate.h; sourceTree = "<group>"; };
		F7859DEF148AB63D00B1F94C /* AppDelegate.m */ = {isa = PBXFileReference; lastKnownFileType = sourcecode.c.objc; path = AppDelegate.m; sourceTree = "<group>"; };
		F7859DF2148AB63D00B1F94C /* en */ = {isa = PBXFileReference; lastKnownFileType = file.storyboard; name = en; path = en.lproj/MainStoryboard.storyboard; sourceTree = "<group>"; };
		F7859DFF148AB63E00B1F94C /* PhotoforceTests.octest */ = {isa = PBXFileReference; explicitFileType = wrapper.cfbundle; includeInIndex = 0; path = PhotoforceTests.octest; sourceTree = BUILT_PRODUCTS_DIR; };
		F7859E00148AB63E00B1F94C /* SenTestingKit.framework */ = {isa = PBXFileReference; lastKnownFileType = wrapper.framework; name = SenTestingKit.framework; path = Library/Frameworks/SenTestingKit.framework; sourceTree = DEVELOPER_DIR; };
		F7859E08148AB63E00B1F94C /* PhotoforceTests-Info.plist */ = {isa = PBXFileReference; lastKnownFileType = text.plist.xml; path = "PhotoforceTests-Info.plist"; sourceTree = "<group>"; };
		F7859E0A148AB63E00B1F94C /* en */ = {isa = PBXFileReference; lastKnownFileType = text.plist.strings; name = en; path = en.lproj/InfoPlist.strings; sourceTree = "<group>"; };
		F7859E0C148AB63E00B1F94C /* PhotoforceTests.h */ = {isa = PBXFileReference; lastKnownFileType = sourcecode.c.h; path = PhotoforceTests.h; sourceTree = "<group>"; };
		F7859E0D148AB63E00B1F94C /* PhotoforceTests.m */ = {isa = PBXFileReference; lastKnownFileType = sourcecode.c.objc; path = PhotoforceTests.m; sourceTree = "<group>"; };
		F7CBBE901491CD9E003EC06E /* AsyncCell.h */ = {isa = PBXFileReference; fileEncoding = 4; lastKnownFileType = sourcecode.c.h; path = AsyncCell.h; sourceTree = "<group>"; };
		F7CBBE911491CD9E003EC06E /* AsyncCell.m */ = {isa = PBXFileReference; fileEncoding = 4; lastKnownFileType = sourcecode.c.objc; path = AsyncCell.m; sourceTree = "<group>"; };
		F7CBBE921491CD9E003EC06E /* FastCell.h */ = {isa = PBXFileReference; fileEncoding = 4; lastKnownFileType = sourcecode.c.h; path = FastCell.h; sourceTree = "<group>"; };
		F7CBBE931491CD9E003EC06E /* FastCell.m */ = {isa = PBXFileReference; fileEncoding = 4; lastKnownFileType = sourcecode.c.objc; path = FastCell.m; sourceTree = "<group>"; };
		F7CBBEA01491CE63003EC06E /* AFHTTPClient.h */ = {isa = PBXFileReference; fileEncoding = 4; lastKnownFileType = sourcecode.c.h; path = AFHTTPClient.h; sourceTree = "<group>"; };
		F7CBBEA11491CE63003EC06E /* AFHTTPClient.m */ = {isa = PBXFileReference; fileEncoding = 4; lastKnownFileType = sourcecode.c.objc; path = AFHTTPClient.m; sourceTree = "<group>"; };
		F7CBBEA21491CE63003EC06E /* AFHTTPRequestOperation.h */ = {isa = PBXFileReference; fileEncoding = 4; lastKnownFileType = sourcecode.c.h; path = AFHTTPRequestOperation.h; sourceTree = "<group>"; };
		F7CBBEA31491CE63003EC06E /* AFHTTPRequestOperation.m */ = {isa = PBXFileReference; fileEncoding = 4; lastKnownFileType = sourcecode.c.objc; path = AFHTTPRequestOperation.m; sourceTree = "<group>"; };
		F7CBBEA41491CE63003EC06E /* AFImageCache.h */ = {isa = PBXFileReference; fileEncoding = 4; lastKnownFileType = sourcecode.c.h; path = AFImageCache.h; sourceTree = "<group>"; };
		F7CBBEA51491CE63003EC06E /* AFImageCache.m */ = {isa = PBXFileReference; fileEncoding = 4; lastKnownFileType = sourcecode.c.objc; path = AFImageCache.m; sourceTree = "<group>"; };
		F7CBBEA61491CE63003EC06E /* AFImageRequestOperation.h */ = {isa = PBXFileReference; fileEncoding = 4; lastKnownFileType = sourcecode.c.h; path = AFImageRequestOperation.h; sourceTree = "<group>"; };
		F7CBBEA71491CE63003EC06E /* AFImageRequestOperation.m */ = {isa = PBXFileReference; fileEncoding = 4; lastKnownFileType = sourcecode.c.objc; path = AFImageRequestOperation.m; sourceTree = "<group>"; };
		F7CBBEA81491CE63003EC06E /* AFJSONRequestOperation.h */ = {isa = PBXFileReference; fileEncoding = 4; lastKnownFileType = sourcecode.c.h; path = AFJSONRequestOperation.h; sourceTree = "<group>"; };
		F7CBBEA91491CE63003EC06E /* AFJSONRequestOperation.m */ = {isa = PBXFileReference; fileEncoding = 4; lastKnownFileType = sourcecode.c.objc; path = AFJSONRequestOperation.m; sourceTree = "<group>"; };
		F7CBBEAA1491CE63003EC06E /* AFNetworkActivityIndicatorManager.h */ = {isa = PBXFileReference; fileEncoding = 4; lastKnownFileType = sourcecode.c.h; path = AFNetworkActivityIndicatorManager.h; sourceTree = "<group>"; };
		F7CBBEAB1491CE63003EC06E /* AFNetworkActivityIndicatorManager.m */ = {isa = PBXFileReference; fileEncoding = 4; lastKnownFileType = sourcecode.c.objc; path = AFNetworkActivityIndicatorManager.m; sourceTree = "<group>"; };
		F7CBBEAC1491CE63003EC06E /* AFNetworking.h */ = {isa = PBXFileReference; fileEncoding = 4; lastKnownFileType = sourcecode.c.h; path = AFNetworking.h; sourceTree = "<group>"; };
		F7CBBEAD1491CE63003EC06E /* AFPropertyListRequestOperation.h */ = {isa = PBXFileReference; fileEncoding = 4; lastKnownFileType = sourcecode.c.h; path = AFPropertyListRequestOperation.h; sourceTree = "<group>"; };
		F7CBBEAE1491CE63003EC06E /* AFPropertyListRequestOperation.m */ = {isa = PBXFileReference; fileEncoding = 4; lastKnownFileType = sourcecode.c.objc; path = AFPropertyListRequestOperation.m; sourceTree = "<group>"; };
		F7CBBEAF1491CE63003EC06E /* AFURLConnectionOperation.h */ = {isa = PBXFileReference; fileEncoding = 4; lastKnownFileType = sourcecode.c.h; path = AFURLConnectionOperation.h; sourceTree = "<group>"; };
		F7CBBEB01491CE63003EC06E /* AFURLConnectionOperation.m */ = {isa = PBXFileReference; fileEncoding = 4; lastKnownFileType = sourcecode.c.objc; path = AFURLConnectionOperation.m; sourceTree = "<group>"; };
		F7CBBEB11491CE63003EC06E /* AFXMLRequestOperation.h */ = {isa = PBXFileReference; fileEncoding = 4; lastKnownFileType = sourcecode.c.h; path = AFXMLRequestOperation.h; sourceTree = "<group>"; };
		F7CBBEB21491CE63003EC06E /* AFXMLRequestOperation.m */ = {isa = PBXFileReference; fileEncoding = 4; lastKnownFileType = sourcecode.c.objc; path = AFXMLRequestOperation.m; sourceTree = "<group>"; };
		F7CBBEB31491CE63003EC06E /* UIImageView+AFNetworking.h */ = {isa = PBXFileReference; fileEncoding = 4; lastKnownFileType = sourcecode.c.h; path = "UIImageView+AFNetworking.h"; sourceTree = "<group>"; };
		F7CBBEB41491CE63003EC06E /* UIImageView+AFNetworking.m */ = {isa = PBXFileReference; fileEncoding = 4; lastKnownFileType = sourcecode.c.objc; path = "UIImageView+AFNetworking.m"; sourceTree = "<group>"; };
		F7CBBEBF1491CE72003EC06E /* DictionaryHelper.h */ = {isa = PBXFileReference; fileEncoding = 4; lastKnownFileType = sourcecode.c.h; path = DictionaryHelper.h; sourceTree = "<group>"; };
		F7CBBEC01491CE73003EC06E /* DictionaryHelper.m */ = {isa = PBXFileReference; fileEncoding = 4; lastKnownFileType = sourcecode.c.objc; path = DictionaryHelper.m; sourceTree = "<group>"; };
		F7CBBEC21491CEA3003EC06E /* JSONKit.h */ = {isa = PBXFileReference; fileEncoding = 4; lastKnownFileType = sourcecode.c.h; path = JSONKit.h; sourceTree = "<group>"; };
		F7CBBEC31491CEA3003EC06E /* JSONKit.m */ = {isa = PBXFileReference; fileEncoding = 4; lastKnownFileType = sourcecode.c.objc; path = JSONKit.m; sourceTree = "<group>"; };
		F7EAE9CC148B0269003187B8 /* Facebook.h */ = {isa = PBXFileReference; fileEncoding = 4; lastKnownFileType = sourcecode.c.h; path = Facebook.h; sourceTree = "<group>"; };
		F7EAE9CD148B0269003187B8 /* Facebook.m */ = {isa = PBXFileReference; fileEncoding = 4; lastKnownFileType = sourcecode.c.objc; path = Facebook.m; sourceTree = "<group>"; };
		F7EAE9CF148B0269003187B8 /* FBConnect.h */ = {isa = PBXFileReference; fileEncoding = 4; lastKnownFileType = sourcecode.c.h; path = FBConnect.h; sourceTree = "<group>"; };
		F7EAE9D0148B0269003187B8 /* FBDialog.bundle */ = {isa = PBXFileReference; lastKnownFileType = "wrapper.plug-in"; path = FBDialog.bundle; sourceTree = "<group>"; };
		F7EAE9D1148B0269003187B8 /* FBDialog.h */ = {isa = PBXFileReference; fileEncoding = 4; lastKnownFileType = sourcecode.c.h; path = FBDialog.h; sourceTree = "<group>"; };
		F7EAE9D2148B0269003187B8 /* FBDialog.m */ = {isa = PBXFileReference; fileEncoding = 4; lastKnownFileType = sourcecode.c.objc; path = FBDialog.m; sourceTree = "<group>"; };
		F7EAE9D3148B0269003187B8 /* FBLoginDialog.h */ = {isa = PBXFileReference; fileEncoding = 4; lastKnownFileType = sourcecode.c.h; path = FBLoginDialog.h; sourceTree = "<group>"; };
		F7EAE9D4148B0269003187B8 /* FBLoginDialog.m */ = {isa = PBXFileReference; fileEncoding = 4; lastKnownFileType = sourcecode.c.objc; path = FBLoginDialog.m; sourceTree = "<group>"; };
		F7EAE9D5148B0269003187B8 /* FBRequest.h */ = {isa = PBXFileReference; fileEncoding = 4; lastKnownFileType = sourcecode.c.h; path = FBRequest.h; sourceTree = "<group>"; };
		F7EAE9D6148B0269003187B8 /* FBRequest.m */ = {isa = PBXFileReference; fileEncoding = 4; lastKnownFileType = sourcecode.c.objc; path = FBRequest.m; sourceTree = "<group>"; };
		F7EAE9D8148B0269003187B8 /* JSON.h */ = {isa = PBXFileReference; fileEncoding = 4; lastKnownFileType = sourcecode.c.h; path = JSON.h; sourceTree = "<group>"; };
		F7EAE9D9148B0269003187B8 /* NSObject+SBJSON.h */ = {isa = PBXFileReference; fileEncoding = 4; lastKnownFileType = sourcecode.c.h; path = "NSObject+SBJSON.h"; sourceTree = "<group>"; };
		F7EAE9DA148B0269003187B8 /* NSObject+SBJSON.m */ = {isa = PBXFileReference; fileEncoding = 4; lastKnownFileType = sourcecode.c.objc; path = "NSObject+SBJSON.m"; sourceTree = "<group>"; };
		F7EAE9DB148B0269003187B8 /* NSString+SBJSON.h */ = {isa = PBXFileReference; fileEncoding = 4; lastKnownFileType = sourcecode.c.h; path = "NSString+SBJSON.h"; sourceTree = "<group>"; };
		F7EAE9DC148B0269003187B8 /* NSString+SBJSON.m */ = {isa = PBXFileReference; fileEncoding = 4; lastKnownFileType = sourcecode.c.objc; path = "NSString+SBJSON.m"; sourceTree = "<group>"; };
		F7EAE9DD148B0269003187B8 /* SBJSON.h */ = {isa = PBXFileReference; fileEncoding = 4; lastKnownFileType = sourcecode.c.h; path = SBJSON.h; sourceTree = "<group>"; };
		F7EAE9DE148B0269003187B8 /* SBJSON.m */ = {isa = PBXFileReference; fileEncoding = 4; lastKnownFileType = sourcecode.c.objc; path = SBJSON.m; sourceTree = "<group>"; };
		F7EAE9DF148B0269003187B8 /* SBJsonBase.h */ = {isa = PBXFileReference; fileEncoding = 4; lastKnownFileType = sourcecode.c.h; path = SBJsonBase.h; sourceTree = "<group>"; };
		F7EAE9E0148B0269003187B8 /* SBJsonBase.m */ = {isa = PBXFileReference; fileEncoding = 4; lastKnownFileType = sourcecode.c.objc; path = SBJsonBase.m; sourceTree = "<group>"; };
		F7EAE9E1148B0269003187B8 /* SBJsonParser.h */ = {isa = PBXFileReference; fileEncoding = 4; lastKnownFileType = sourcecode.c.h; path = SBJsonParser.h; sourceTree = "<group>"; };
		F7EAE9E2148B0269003187B8 /* SBJsonParser.m */ = {isa = PBXFileReference; fileEncoding = 4; lastKnownFileType = sourcecode.c.objc; path = SBJsonParser.m; sourceTree = "<group>"; };
		F7EAE9E3148B0269003187B8 /* SBJsonWriter.h */ = {isa = PBXFileReference; fileEncoding = 4; lastKnownFileType = sourcecode.c.h; path = SBJsonWriter.h; sourceTree = "<group>"; };
		F7EAE9E4148B0269003187B8 /* SBJsonWriter.m */ = {isa = PBXFileReference; fileEncoding = 4; lastKnownFileType = sourcecode.c.objc; path = SBJsonWriter.m; sourceTree = "<group>"; };
		F7EAE9F9148B59AC003187B8 /* HomeScreenViewController.h */ = {isa = PBXFileReference; fileEncoding = 4; lastKnownFileType = sourcecode.c.h; path = HomeScreenViewController.h; sourceTree = "<group>"; };
		F7EAE9FA148B59AC003187B8 /* HomeScreenViewController.m */ = {isa = PBXFileReference; fileEncoding = 4; lastKnownFileType = sourcecode.c.objc; path = HomeScreenViewController.m; sourceTree = "<group>"; };
/* End PBXFileReference section */

/* Begin PBXFrameworksBuildPhase section */
		F7859DD8148AB63D00B1F94C /* Frameworks */ = {
			isa = PBXFrameworksBuildPhase;
			buildActionMask = 2147483647;
			files = (
				F731E18C149DD05D00F2DB5C /* QuartzCore.framework in Frameworks */,
				F7859DE0148AB63D00B1F94C /* UIKit.framework in Frameworks */,
				F7859DE2148AB63D00B1F94C /* Foundation.framework in Frameworks */,
				F7859DE4148AB63D00B1F94C /* CoreGraphics.framework in Frameworks */,
				8C1F673114A7E4C000B475D8 /* libFlurryAnalytics.a in Frameworks */,
			);
			runOnlyForDeploymentPostprocessing = 0;
		};
		F7859DFB148AB63E00B1F94C /* Frameworks */ = {
			isa = PBXFrameworksBuildPhase;
			buildActionMask = 2147483647;
			files = (
				F7859E01148AB63E00B1F94C /* SenTestingKit.framework in Frameworks */,
				F7859E02148AB63E00B1F94C /* UIKit.framework in Frameworks */,
				F7859E03148AB63E00B1F94C /* Foundation.framework in Frameworks */,
			);
			runOnlyForDeploymentPostprocessing = 0;
		};
/* End PBXFrameworksBuildPhase section */

/* Begin PBXGroup section */
		8C1F672514A7E43D00B475D8 /* Flurry */ = {
			isa = PBXGroup;
			children = (
				8C1F672F14A7E4C000B475D8 /* libFlurryAnalytics.a */,
				8C1F673014A7E4C000B475D8 /* FlurryAnalytics.h */,
			);
			name = Flurry;
			path = ..;
			sourceTree = "<group>";
		};
		8C1F673B14A7EACA00B475D8 /* KenBurnsView */ = {
			isa = PBXGroup;
			children = (
				8C1F673714A7EAC600B475D8 /* JBKenBurnsView.h */,
				8C1F673814A7EAC600B475D8 /* JBKenBurnsView.m */,
			);
			name = KenBurnsView;
			path = ..;
			sourceTree = "<group>";
		};
		8C1F673C14A7EAE100B475D8 /* Helper Classes */ = {
			isa = PBXGroup;
			children = (
				8C1F673B14A7EACA00B475D8 /* KenBurnsView */,
				F7EAE9C8148B0269003187B8 /* Facebook SDK */,
				8C1F672514A7E43D00B475D8 /* Flurry */,
				F731E187149DCF2800F2DB5C /* Pull To Refresh */,
				F731E16D149DC73700F2DB5C /* Async Cells */,
				F7CBBE9F1491CE63003EC06E /* AFNetworking */,
			);
			name = "Helper Classes";
			sourceTree = "<group>";
		};
		F731E164149DBE2100F2DB5C /* Resources */ = {
			isa = PBXGroup;
			children = (
				8CD3B08614A82B9A00C55AAB /* header.png */,
				8CD3B08714A82B9A00C55AAB /* header@2x.png */,
				8CD3B07714A81B7100C55AAB /* iphone-linen.png */,
				8C1F673D14A7EC8D00B475D8 /* image1.jpeg */,
				8C1F673E14A7EC8D00B475D8 /* image2.jpeg */,
				8C1F673F14A7EC8D00B475D8 /* image3.jpeg */,
				8C1F674014A7EC8D00B475D8 /* image4.png */,
				8C1F674114A7EC8D00B475D8 /* image5.png */,
				F731E193149DD16100F2DB5C /* blackArrow.png */,
				F731E194149DD16100F2DB5C /* blackArrow@2x.png */,
				F731E195149DD16100F2DB5C /* blueArrow.png */,
				F731E196149DD16100F2DB5C /* blueArrow@2x.png */,
				F731E197149DD16100F2DB5C /* grayArrow.png */,
				F731E198149DD16100F2DB5C /* grayArrow@2x.png */,
				F731E166149DBE4500F2DB5C /* film_strip_gif.png */,
			);
			name = Resources;
			sourceTree = "<group>";
		};
		F731E16D149DC73700F2DB5C /* Async Cells */ = {
			isa = PBXGroup;
			children = (
				F7CBBEC21491CEA3003EC06E /* JSONKit.h */,
				F7CBBEC31491CEA3003EC06E /* JSONKit.m */,
				F7CBBEBF1491CE72003EC06E /* DictionaryHelper.h */,
				F7CBBEC01491CE73003EC06E /* DictionaryHelper.m */,
				F7CBBE901491CD9E003EC06E /* AsyncCell.h */,
				F7CBBE911491CD9E003EC06E /* AsyncCell.m */,
				F7CBBE921491CD9E003EC06E /* FastCell.h */,
				F7CBBE931491CD9E003EC06E /* FastCell.m */,
			);
			name = "Async Cells";
			path = ..;
			sourceTree = "<group>";
		};
		F731E187149DCF2800F2DB5C /* Pull To Refresh */ = {
			isa = PBXGroup;
			children = (
				F731E18D149DD09400F2DB5C /* EGORefreshTableHeaderView.h */,
				F731E18E149DD09400F2DB5C /* EGORefreshTableHeaderView.m */,
				F731E18F149DD09400F2DB5C /* ListViewController.h */,
				F731E190149DD09400F2DB5C /* ListViewController.m */,
			);
			name = "Pull To Refresh";
			path = ..;
			sourceTree = "<group>";
		};
		F7859DD0148AB63D00B1F94C = {
			isa = PBXGroup;
			children = (
				F7859DE5148AB63D00B1F94C /* Photoforce */,
				F7859E06148AB63E00B1F94C /* PhotoforceTests */,
				F731E164149DBE2100F2DB5C /* Resources */,
				F7859DDE148AB63D00B1F94C /* Frameworks */,
				F7859DDC148AB63D00B1F94C /* Products */,
			);
			sourceTree = "<group>";
		};
		F7859DDC148AB63D00B1F94C /* Products */ = {
			isa = PBXGroup;
			children = (
				F7859DDB148AB63D00B1F94C /* Photoforce.app */,
				F7859DFF148AB63E00B1F94C /* PhotoforceTests.octest */,
			);
			name = Products;
			sourceTree = "<group>";
		};
		F7859DDE148AB63D00B1F94C /* Frameworks */ = {
			isa = PBXGroup;
			children = (
				F731E18B149DD05D00F2DB5C /* QuartzCore.framework */,
				F7859DDF148AB63D00B1F94C /* UIKit.framework */,
				F7859DE1148AB63D00B1F94C /* Foundation.framework */,
				F7859DE3148AB63D00B1F94C /* CoreGraphics.framework */,
				F7859E00148AB63E00B1F94C /* SenTestingKit.framework */,
			);
			name = Frameworks;
			sourceTree = "<group>";
		};
		F7859DE5148AB63D00B1F94C /* Photoforce */ = {
			isa = PBXGroup;
			children = (
				8C1F673C14A7EAE100B475D8 /* Helper Classes */,
				F7859DE6148AB63D00B1F94C /* Supporting Files */,
				F7859DEE148AB63D00B1F94C /* AppDelegate.h */,
				F7859DEF148AB63D00B1F94C /* AppDelegate.m */,
				F7859DF1148AB63D00B1F94C /* MainStoryboard.storyboard */,
				F7EAE9F9148B59AC003187B8 /* HomeScreenViewController.h */,
				F7EAE9FA148B59AC003187B8 /* HomeScreenViewController.m */,
				F714E14214A0611700E24956 /* DetailViewController.h */,
				F714E14314A0611700E24956 /* DetailViewController.m */,
				F714E14414A0611700E24956 /* DetailViewController.xib */,
			);
			path = Photoforce;
			sourceTree = "<group>";
		};
		F7859DE6148AB63D00B1F94C /* Supporting Files */ = {
			isa = PBXGroup;
			children = (
				F7859DE7148AB63D00B1F94C /* Photoforce-Info.plist */,
				F7859DE8148AB63D00B1F94C /* InfoPlist.strings */,
				F7859DEB148AB63D00B1F94C /* main.m */,
				F7859DED148AB63D00B1F94C /* Photoforce-Prefix.pch */,
			);
			name = "Supporting Files";
			sourceTree = "<group>";
		};
		F7859E06148AB63E00B1F94C /* PhotoforceTests */ = {
			isa = PBXGroup;
			children = (
				F7859E0C148AB63E00B1F94C /* PhotoforceTests.h */,
				F7859E0D148AB63E00B1F94C /* PhotoforceTests.m */,
				F7859E07148AB63E00B1F94C /* Supporting Files */,
			);
			path = PhotoforceTests;
			sourceTree = "<group>";
		};
		F7859E07148AB63E00B1F94C /* Supporting Files */ = {
			isa = PBXGroup;
			children = (
				F7859E08148AB63E00B1F94C /* PhotoforceTests-Info.plist */,
				F7859E09148AB63E00B1F94C /* InfoPlist.strings */,
			);
			name = "Supporting Files";
			sourceTree = "<group>";
		};
		F7CBBE9F1491CE63003EC06E /* AFNetworking */ = {
			isa = PBXGroup;
			children = (
				F7CBBEA01491CE63003EC06E /* AFHTTPClient.h */,
				F7CBBEA11491CE63003EC06E /* AFHTTPClient.m */,
				F7CBBEA21491CE63003EC06E /* AFHTTPRequestOperation.h */,
				F7CBBEA31491CE63003EC06E /* AFHTTPRequestOperation.m */,
				F7CBBEA41491CE63003EC06E /* AFImageCache.h */,
				F7CBBEA51491CE63003EC06E /* AFImageCache.m */,
				F7CBBEA61491CE63003EC06E /* AFImageRequestOperation.h */,
				F7CBBEA71491CE63003EC06E /* AFImageRequestOperation.m */,
				F7CBBEA81491CE63003EC06E /* AFJSONRequestOperation.h */,
				F7CBBEA91491CE63003EC06E /* AFJSONRequestOperation.m */,
				F7CBBEAA1491CE63003EC06E /* AFNetworkActivityIndicatorManager.h */,
				F7CBBEAB1491CE63003EC06E /* AFNetworkActivityIndicatorManager.m */,
				F7CBBEAC1491CE63003EC06E /* AFNetworking.h */,
				F7CBBEAD1491CE63003EC06E /* AFPropertyListRequestOperation.h */,
				F7CBBEAE1491CE63003EC06E /* AFPropertyListRequestOperation.m */,
				F7CBBEAF1491CE63003EC06E /* AFURLConnectionOperation.h */,
				F7CBBEB01491CE63003EC06E /* AFURLConnectionOperation.m */,
				F7CBBEB11491CE63003EC06E /* AFXMLRequestOperation.h */,
				F7CBBEB21491CE63003EC06E /* AFXMLRequestOperation.m */,
				F7CBBEB31491CE63003EC06E /* UIImageView+AFNetworking.h */,
				F7CBBEB41491CE63003EC06E /* UIImageView+AFNetworking.m */,
			);
			name = AFNetworking;
			path = ../AFNetworking;
			sourceTree = "<group>";
		};
		F7EAE9C8148B0269003187B8 /* Facebook SDK */ = {
			isa = PBXGroup;
			children = (
				F7EAE9CC148B0269003187B8 /* Facebook.h */,
				F7EAE9CD148B0269003187B8 /* Facebook.m */,
				F7EAE9CF148B0269003187B8 /* FBConnect.h */,
				F7EAE9D0148B0269003187B8 /* FBDialog.bundle */,
				F7EAE9D1148B0269003187B8 /* FBDialog.h */,
				F7EAE9D2148B0269003187B8 /* FBDialog.m */,
				F7EAE9D3148B0269003187B8 /* FBLoginDialog.h */,
				F7EAE9D4148B0269003187B8 /* FBLoginDialog.m */,
				F7EAE9D5148B0269003187B8 /* FBRequest.h */,
				F7EAE9D6148B0269003187B8 /* FBRequest.m */,
				F7EAE9D7148B0269003187B8 /* JSON */,
			);
			name = "Facebook SDK";
			path = src;
			sourceTree = "<group>";
		};
		F7EAE9D7148B0269003187B8 /* JSON */ = {
			isa = PBXGroup;
			children = (
				F7EAE9D8148B0269003187B8 /* JSON.h */,
				F7EAE9D9148B0269003187B8 /* NSObject+SBJSON.h */,
				F7EAE9DA148B0269003187B8 /* NSObject+SBJSON.m */,
				F7EAE9DB148B0269003187B8 /* NSString+SBJSON.h */,
				F7EAE9DC148B0269003187B8 /* NSString+SBJSON.m */,
				F7EAE9DD148B0269003187B8 /* SBJSON.h */,
				F7EAE9DE148B0269003187B8 /* SBJSON.m */,
				F7EAE9DF148B0269003187B8 /* SBJsonBase.h */,
				F7EAE9E0148B0269003187B8 /* SBJsonBase.m */,
				F7EAE9E1148B0269003187B8 /* SBJsonParser.h */,
				F7EAE9E2148B0269003187B8 /* SBJsonParser.m */,
				F7EAE9E3148B0269003187B8 /* SBJsonWriter.h */,
				F7EAE9E4148B0269003187B8 /* SBJsonWriter.m */,
			);
			path = JSON;
			sourceTree = "<group>";
		};
/* End PBXGroup section */

/* Begin PBXNativeTarget section */
		F7859DDA148AB63D00B1F94C /* Photoforce */ = {
			isa = PBXNativeTarget;
			buildConfigurationList = F7859E11148AB63E00B1F94C /* Build configuration list for PBXNativeTarget "Photoforce" */;
			buildPhases = (
				F7859DD7148AB63D00B1F94C /* Sources */,
				F7859DD8148AB63D00B1F94C /* Frameworks */,
				F7859DD9148AB63D00B1F94C /* Resources */,
			);
			buildRules = (
			);
			dependencies = (
			);
			name = Photoforce;
			productName = Photoforce;
			productReference = F7859DDB148AB63D00B1F94C /* Photoforce.app */;
			productType = "com.apple.product-type.application";
		};
		F7859DFE148AB63E00B1F94C /* PhotoforceTests */ = {
			isa = PBXNativeTarget;
			buildConfigurationList = F7859E14148AB63E00B1F94C /* Build configuration list for PBXNativeTarget "PhotoforceTests" */;
			buildPhases = (
				F7859DFA148AB63E00B1F94C /* Sources */,
				F7859DFB148AB63E00B1F94C /* Frameworks */,
				F7859DFC148AB63E00B1F94C /* Resources */,
				F7859DFD148AB63E00B1F94C /* ShellScript */,
			);
			buildRules = (
			);
			dependencies = (
				F7859E05148AB63E00B1F94C /* PBXTargetDependency */,
			);
			name = PhotoforceTests;
			productName = PhotoforceTests;
			productReference = F7859DFF148AB63E00B1F94C /* PhotoforceTests.octest */;
			productType = "com.apple.product-type.bundle";
		};
/* End PBXNativeTarget section */

/* Begin PBXProject section */
		F7859DD2148AB63D00B1F94C /* Project object */ = {
			isa = PBXProject;
			attributes = {
				LastUpgradeCheck = 0420;
			};
			buildConfigurationList = F7859DD5148AB63D00B1F94C /* Build configuration list for PBXProject "Photoforce" */;
			compatibilityVersion = "Xcode 3.2";
			developmentRegion = English;
			hasScannedForEncodings = 0;
			knownRegions = (
				en,
			);
			mainGroup = F7859DD0148AB63D00B1F94C;
			productRefGroup = F7859DDC148AB63D00B1F94C /* Products */;
			projectDirPath = "";
			projectRoot = "";
			targets = (
				F7859DDA148AB63D00B1F94C /* Photoforce */,
				F7859DFE148AB63E00B1F94C /* PhotoforceTests */,
			);
		};
/* End PBXProject section */

/* Begin PBXResourcesBuildPhase section */
		F7859DD9148AB63D00B1F94C /* Resources */ = {
			isa = PBXResourcesBuildPhase;
			buildActionMask = 2147483647;
			files = (
				F7859DEA148AB63D00B1F94C /* InfoPlist.strings in Resources */,
				F7859DF3148AB63D00B1F94C /* MainStoryboard.storyboard in Resources */,
				F7EAE9E9148B0269003187B8 /* FBDialog.bundle in Resources */,
				F731E167149DBE4500F2DB5C /* film_strip_gif.png in Resources */,
				F731E199149DD16100F2DB5C /* blackArrow.png in Resources */,
				F731E19A149DD16100F2DB5C /* blackArrow@2x.png in Resources */,
				F731E19B149DD16100F2DB5C /* blueArrow.png in Resources */,
				F731E19C149DD16100F2DB5C /* blueArrow@2x.png in Resources */,
				F731E19D149DD16100F2DB5C /* grayArrow.png in Resources */,
				F731E19E149DD16100F2DB5C /* grayArrow@2x.png in Resources */,
				F714E14614A0611700E24956 /* DetailViewController.xib in Resources */,
				8C1F674214A7EC8D00B475D8 /* image1.jpeg in Resources */,
				8C1F674314A7EC8D00B475D8 /* image2.jpeg in Resources */,
				8C1F674414A7EC8D00B475D8 /* image3.jpeg in Resources */,
				8C1F674514A7EC8D00B475D8 /* image4.png in Resources */,
				8C1F674614A7EC8D00B475D8 /* image5.png in Resources */,
				8CD3B07814A81B7100C55AAB /* iphone-linen.png in Resources */,
				8CD3B08814A82B9A00C55AAB /* header.png in Resources */,
				8CD3B08914A82B9A00C55AAB /* header@2x.png in Resources */,
			);
			runOnlyForDeploymentPostprocessing = 0;
		};
		F7859DFC148AB63E00B1F94C /* Resources */ = {
			isa = PBXResourcesBuildPhase;
			buildActionMask = 2147483647;
			files = (
				F7859E0B148AB63E00B1F94C /* InfoPlist.strings in Resources */,
			);
			runOnlyForDeploymentPostprocessing = 0;
		};
/* End PBXResourcesBuildPhase section */

/* Begin PBXShellScriptBuildPhase section */
		F7859DFD148AB63E00B1F94C /* ShellScript */ = {
			isa = PBXShellScriptBuildPhase;
			buildActionMask = 2147483647;
			files = (
			);
			inputPaths = (
			);
			outputPaths = (
			);
			runOnlyForDeploymentPostprocessing = 0;
			shellPath = /bin/sh;
			shellScript = "# Run the unit tests in this test bundle.\n\"${SYSTEM_DEVELOPER_DIR}/Tools/RunUnitTests\"\n";
		};
/* End PBXShellScriptBuildPhase section */

/* Begin PBXSourcesBuildPhase section */
		F7859DD7148AB63D00B1F94C /* Sources */ = {
			isa = PBXSourcesBuildPhase;
			buildActionMask = 2147483647;
			files = (
				F7859DEC148AB63D00B1F94C /* main.m in Sources */,
				F7859DF0148AB63D00B1F94C /* AppDelegate.m in Sources */,
				F7EAE9E8148B0269003187B8 /* Facebook.m in Sources */,
				F7EAE9EA148B0269003187B8 /* FBDialog.m in Sources */,
				F7EAE9EB148B0269003187B8 /* FBLoginDialog.m in Sources */,
				F7EAE9EC148B0269003187B8 /* FBRequest.m in Sources */,
				F7EAE9ED148B0269003187B8 /* NSObject+SBJSON.m in Sources */,
				F7EAE9EE148B0269003187B8 /* NSString+SBJSON.m in Sources */,
				F7EAE9EF148B0269003187B8 /* SBJSON.m in Sources */,
				F7EAE9F0148B0269003187B8 /* SBJsonBase.m in Sources */,
				F7EAE9F1148B0269003187B8 /* SBJsonParser.m in Sources */,
				F7EAE9F2148B0269003187B8 /* SBJsonWriter.m in Sources */,
				F7EAE9FB148B59AC003187B8 /* HomeScreenViewController.m in Sources */,
				F7CBBE941491CD9E003EC06E /* AsyncCell.m in Sources */,
				F7CBBE951491CD9E003EC06E /* FastCell.m in Sources */,
				F7CBBEB51491CE63003EC06E /* AFHTTPClient.m in Sources */,
				F7CBBEB61491CE63003EC06E /* AFHTTPRequestOperation.m in Sources */,
				F7CBBEB71491CE63003EC06E /* AFImageCache.m in Sources */,
				F7CBBEB81491CE63003EC06E /* AFImageRequestOperation.m in Sources */,
				F7CBBEB91491CE63003EC06E /* AFJSONRequestOperation.m in Sources */,
				F7CBBEBA1491CE63003EC06E /* AFNetworkActivityIndicatorManager.m in Sources */,
				F7CBBEBB1491CE63003EC06E /* AFPropertyListRequestOperation.m in Sources */,
				F7CBBEBC1491CE63003EC06E /* AFURLConnectionOperation.m in Sources */,
				F7CBBEBD1491CE63003EC06E /* AFXMLRequestOperation.m in Sources */,
				F7CBBEBE1491CE63003EC06E /* UIImageView+AFNetworking.m in Sources */,
				F7CBBEC11491CE73003EC06E /* DictionaryHelper.m in Sources */,
				F7CBBEC41491CEA3003EC06E /* JSONKit.m in Sources */,
				F731E191149DD09400F2DB5C /* EGORefreshTableHeaderView.m in Sources */,
				F731E192149DD09400F2DB5C /* ListViewController.m in Sources */,
				F714E14514A0611700E24956 /* DetailViewController.m in Sources */,
				8C1F673A14A7EAC700B475D8 /* JBKenBurnsView.m in Sources */,
			);
			runOnlyForDeploymentPostprocessing = 0;
		};
		F7859DFA148AB63E00B1F94C /* Sources */ = {
			isa = PBXSourcesBuildPhase;
			buildActionMask = 2147483647;
			files = (
				F7859E0E148AB63E00B1F94C /* PhotoforceTests.m in Sources */,
			);
			runOnlyForDeploymentPostprocessing = 0;
		};
/* End PBXSourcesBuildPhase section */

/* Begin PBXTargetDependency section */
		F7859E05148AB63E00B1F94C /* PBXTargetDependency */ = {
			isa = PBXTargetDependency;
			target = F7859DDA148AB63D00B1F94C /* Photoforce */;
			targetProxy = F7859E04148AB63E00B1F94C /* PBXContainerItemProxy */;
		};
/* End PBXTargetDependency section */

/* Begin PBXVariantGroup section */
		F7859DE8148AB63D00B1F94C /* InfoPlist.strings */ = {
			isa = PBXVariantGroup;
			children = (
				F7859DE9148AB63D00B1F94C /* en */,
			);
			name = InfoPlist.strings;
			sourceTree = "<group>";
		};
		F7859DF1148AB63D00B1F94C /* MainStoryboard.storyboard */ = {
			isa = PBXVariantGroup;
			children = (
				F7859DF2148AB63D00B1F94C /* en */,
			);
			name = MainStoryboard.storyboard;
			sourceTree = "<group>";
		};
		F7859E09148AB63E00B1F94C /* InfoPlist.strings */ = {
			isa = PBXVariantGroup;
			children = (
				F7859E0A148AB63E00B1F94C /* en */,
			);
			name = InfoPlist.strings;
			sourceTree = "<group>";
		};
/* End PBXVariantGroup section */

/* Begin XCBuildConfiguration section */
		F7859E0F148AB63E00B1F94C /* Debug */ = {
			isa = XCBuildConfiguration;
			buildSettings = {
				ALWAYS_SEARCH_USER_PATHS = NO;
				ARCHS = "$(ARCHS_STANDARD_32_BIT)";
				CLANG_ENABLE_OBJC_ARC = YES;
				"CODE_SIGN_IDENTITY[sdk=iphoneos*]" = "iPhone Developer";
				COPY_PHASE_STRIP = NO;
				GCC_C_LANGUAGE_STANDARD = gnu99;
				GCC_DYNAMIC_NO_PIC = NO;
				GCC_OPTIMIZATION_LEVEL = 0;
				GCC_PREPROCESSOR_DEFINITIONS = (
					"DEBUG=1",
					"$(inherited)",
				);
				GCC_SYMBOLS_PRIVATE_EXTERN = NO;
				GCC_VERSION = com.apple.compilers.llvm.clang.1_0;
				GCC_WARN_ABOUT_MISSING_PROTOTYPES = YES;
				GCC_WARN_ABOUT_RETURN_TYPE = YES;
				GCC_WARN_UNUSED_VARIABLE = YES;
				IPHONEOS_DEPLOYMENT_TARGET = 5.0;
				ONLY_ACTIVE_ARCH = YES;
				SDKROOT = iphoneos;
			};
			name = Debug;
		};
		F7859E10148AB63E00B1F94C /* Release */ = {
			isa = XCBuildConfiguration;
			buildSettings = {
				ALWAYS_SEARCH_USER_PATHS = NO;
				ARCHS = "$(ARCHS_STANDARD_32_BIT)";
				CLANG_ENABLE_OBJC_ARC = YES;
				"CODE_SIGN_IDENTITY[sdk=iphoneos*]" = "iPhone Developer";
				COPY_PHASE_STRIP = YES;
				GCC_C_LANGUAGE_STANDARD = gnu99;
				GCC_VERSION = com.apple.compilers.llvm.clang.1_0;
				GCC_WARN_ABOUT_MISSING_PROTOTYPES = YES;
				GCC_WARN_ABOUT_RETURN_TYPE = YES;
				GCC_WARN_UNUSED_VARIABLE = YES;
				IPHONEOS_DEPLOYMENT_TARGET = 5.0;
				ONLY_ACTIVE_ARCH = YES;
				OTHER_CFLAGS = "-DNS_BLOCK_ASSERTIONS=1";
				SDKROOT = iphoneos;
				VALIDATE_PRODUCT = YES;
			};
			name = Release;
		};
		F7859E12148AB63E00B1F94C /* Debug */ = {
			isa = XCBuildConfiguration;
			buildSettings = {
				GCC_PRECOMPILE_PREFIX_HEADER = YES;
				GCC_PREFIX_HEADER = "Photoforce/Photoforce-Prefix.pch";
				INFOPLIST_FILE = "Photoforce/Photoforce-Info.plist";
				LIBRARY_SEARCH_PATHS = (
					"$(inherited)",
					"\"$(SRCROOT)\"",
				);
				PRODUCT_NAME = "$(TARGET_NAME)";
				WRAPPER_EXTENSION = app;
			};
			name = Debug;
		};
		F7859E13148AB63E00B1F94C /* Release */ = {
			isa = XCBuildConfiguration;
			buildSettings = {
				GCC_PRECOMPILE_PREFIX_HEADER = YES;
				GCC_PREFIX_HEADER = "Photoforce/Photoforce-Prefix.pch";
				INFOPLIST_FILE = "Photoforce/Photoforce-Info.plist";
				LIBRARY_SEARCH_PATHS = (
					"$(inherited)",
					"\"$(SRCROOT)\"",
				);
				PRODUCT_NAME = "$(TARGET_NAME)";
				WRAPPER_EXTENSION = app;
			};
			name = Release;
		};
		F7859E15148AB63E00B1F94C /* Debug */ = {
			isa = XCBuildConfiguration;
			buildSettings = {
				BUNDLE_LOADER = "$(BUILT_PRODUCTS_DIR)/Photoforce.app/Photoforce";
				FRAMEWORK_SEARCH_PATHS = (
					"$(SDKROOT)/Developer/Library/Frameworks",
					"$(DEVELOPER_LIBRARY_DIR)/Frameworks",
				);
				GCC_PRECOMPILE_PREFIX_HEADER = YES;
				GCC_PREFIX_HEADER = "Photoforce/Photoforce-Prefix.pch";
				INFOPLIST_FILE = "PhotoforceTests/PhotoforceTests-Info.plist";
				PRODUCT_NAME = "$(TARGET_NAME)";
				TEST_HOST = "$(BUNDLE_LOADER)";
				WRAPPER_EXTENSION = octest;
			};
			name = Debug;
		};
		F7859E16148AB63E00B1F94C /* Release */ = {
			isa = XCBuildConfiguration;
			buildSettings = {
				BUNDLE_LOADER = "$(BUILT_PRODUCTS_DIR)/Photoforce.app/Photoforce";
				FRAMEWORK_SEARCH_PATHS = (
					"$(SDKROOT)/Developer/Library/Frameworks",
					"$(DEVELOPER_LIBRARY_DIR)/Frameworks",
				);
				GCC_PRECOMPILE_PREFIX_HEADER = YES;
				GCC_PREFIX_HEADER = "Photoforce/Photoforce-Prefix.pch";
				INFOPLIST_FILE = "PhotoforceTests/PhotoforceTests-Info.plist";
				PRODUCT_NAME = "$(TARGET_NAME)";
				TEST_HOST = "$(BUNDLE_LOADER)";
				WRAPPER_EXTENSION = octest;
			};
			name = Release;
		};
/* End XCBuildConfiguration section */

/* Begin XCConfigurationList section */
		F7859DD5148AB63D00B1F94C /* Build configuration list for PBXProject "Photoforce" */ = {
			isa = XCConfigurationList;
			buildConfigurations = (
				F7859E0F148AB63E00B1F94C /* Debug */,
				F7859E10148AB63E00B1F94C /* Release */,
			);
			defaultConfigurationIsVisible = 0;
			defaultConfigurationName = Release;
		};
		F7859E11148AB63E00B1F94C /* Build configuration list for PBXNativeTarget "Photoforce" */ = {
			isa = XCConfigurationList;
			buildConfigurations = (
				F7859E12148AB63E00B1F94C /* Debug */,
				F7859E13148AB63E00B1F94C /* Release */,
			);
			defaultConfigurationIsVisible = 0;
			defaultConfigurationName = Release;
		};
		F7859E14148AB63E00B1F94C /* Build configuration list for PBXNativeTarget "PhotoforceTests" */ = {
			isa = XCConfigurationList;
			buildConfigurations = (
				F7859E15148AB63E00B1F94C /* Debug */,
				F7859E16148AB63E00B1F94C /* Release */,
			);
			defaultConfigurationIsVisible = 0;
			defaultConfigurationName = Release;
		};
/* End XCConfigurationList section */
	};
	rootObject = F7859DD2148AB63D00B1F94C /* Project object */;
}
