// !$*UTF8*$!
{
	archiveVersion = 1;
	classes = {
	};
	objectVersion = 46;
	objects = {

/* Begin PBXBuildFile section */
		F703D873154B20A30068418B /* UIKit.framework in Frameworks */ = {isa = PBXBuildFile; fileRef = F703D872154B20A30068418B /* UIKit.framework */; };
		F703D875154B20A30068418B /* Foundation.framework in Frameworks */ = {isa = PBXBuildFile; fileRef = F703D874154B20A30068418B /* Foundation.framework */; };
		F703D877154B20A30068418B /* CoreGraphics.framework in Frameworks */ = {isa = PBXBuildFile; fileRef = F703D876154B20A30068418B /* CoreGraphics.framework */; };
		F703D87D154B20A30068418B /* InfoPlist.strings in Resources */ = {isa = PBXBuildFile; fileRef = F703D87B154B20A30068418B /* InfoPlist.strings */; };
		F703D87F154B20A30068418B /* main.m in Sources */ = {isa = PBXBuildFile; fileRef = F703D87E154B20A30068418B /* main.m */; };
		F703D883154B20A30068418B /* AppDelegate.m in Sources */ = {isa = PBXBuildFile; fileRef = F703D882154B20A30068418B /* AppDelegate.m */; };
		F703D886154B20A30068418B /* MasterViewController.m in Sources */ = {isa = PBXBuildFile; fileRef = F703D885154B20A30068418B /* MasterViewController.m */; };
		F703D889154B20A30068418B /* DetailViewController.m in Sources */ = {isa = PBXBuildFile; fileRef = F703D888154B20A30068418B /* DetailViewController.m */; };
		F703D88C154B20A30068418B /* MasterViewController_iPhone.xib in Resources */ = {isa = PBXBuildFile; fileRef = F703D88A154B20A30068418B /* MasterViewController_iPhone.xib */; };
		F703D88F154B20A30068418B /* MasterViewController_iPad.xib in Resources */ = {isa = PBXBuildFile; fileRef = F703D88D154B20A30068418B /* MasterViewController_iPad.xib */; };
		F703D892154B20A30068418B /* DetailViewController_iPhone.xib in Resources */ = {isa = PBXBuildFile; fileRef = F703D890154B20A30068418B /* DetailViewController_iPhone.xib */; };
		F703D895154B20A30068418B /* DetailViewController_iPad.xib in Resources */ = {isa = PBXBuildFile; fileRef = F703D893154B20A30068418B /* DetailViewController_iPad.xib */; };
		F703D89D154B20A30068418B /* SenTestingKit.framework in Frameworks */ = {isa = PBXBuildFile; fileRef = F703D89C154B20A30068418B /* SenTestingKit.framework */; };
		F703D89E154B20A30068418B /* UIKit.framework in Frameworks */ = {isa = PBXBuildFile; fileRef = F703D872154B20A30068418B /* UIKit.framework */; };
		F703D89F154B20A30068418B /* Foundation.framework in Frameworks */ = {isa = PBXBuildFile; fileRef = F703D874154B20A30068418B /* Foundation.framework */; };
		F703D8A7154B20A30068418B /* InfoPlist.strings in Resources */ = {isa = PBXBuildFile; fileRef = F703D8A5154B20A30068418B /* InfoPlist.strings */; };
		F703D8AA154B20A30068418B /* PhotoforceTests.m in Sources */ = {isa = PBXBuildFile; fileRef = F703D8A9154B20A30068418B /* PhotoforceTests.m */; };
		F703D8EC154B561B0068418B /* Parse.framework in Frameworks */ = {isa = PBXBuildFile; fileRef = F703D8EB154B561B0068418B /* Parse.framework */; };
		F703D8F2154B58B70068418B /* AudioToolbox.framework in Frameworks */ = {isa = PBXBuildFile; fileRef = F703D8F1154B58B70068418B /* AudioToolbox.framework */; };
		F703D8F4154B58C00068418B /* CFNetwork.framework in Frameworks */ = {isa = PBXBuildFile; fileRef = F703D8F3154B58C00068418B /* CFNetwork.framework */; };
		F703D8F6154B58CA0068418B /* SystemConfiguration.framework in Frameworks */ = {isa = PBXBuildFile; fileRef = F703D8F5154B58CA0068418B /* SystemConfiguration.framework */; };
		F703D8F8154B58D30068418B /* MobileCoreServices.framework in Frameworks */ = {isa = PBXBuildFile; fileRef = F703D8F7154B58D30068418B /* MobileCoreServices.framework */; };
		F703D8FA154B58DF0068418B /* libz.1.1.3.dylib in Frameworks */ = {isa = PBXBuildFile; fileRef = F703D8F9154B58DF0068418B /* libz.1.1.3.dylib */; };
		F703D8FC154B58E70068418B /* Security.framework in Frameworks */ = {isa = PBXBuildFile; fileRef = F703D8FB154B58E70068418B /* Security.framework */; };
		F703D8FE154B58EC0068418B /* QuartzCore.framework in Frameworks */ = {isa = PBXBuildFile; fileRef = F703D8FD154B58EC0068418B /* QuartzCore.framework */; };
		F703D906154B70340068418B /* APICalls.m in Sources */ = {isa = PBXBuildFile; fileRef = F703D905154B70340068418B /* APICalls.m */; };
		F796F320154D089000BB7F80 /* loadingImage.png in Resources */ = {isa = PBXBuildFile; fileRef = F796F31F154D089000BB7F80 /* loadingImage.png */; };
		F796F329154D163F00BB7F80 /* SVProgressHUD.m in Sources */ = {isa = PBXBuildFile; fileRef = F796F326154D163F00BB7F80 /* SVProgressHUD.m */; settings = {COMPILER_FLAGS = "-fno-objc-arc"; }; };
		F796F32A154D163F00BB7F80 /* SVProgressHUD.bundle in Resources */ = {isa = PBXBuildFile; fileRef = F796F327154D163F00BB7F80 /* SVProgressHUD.bundle */; };
/* End PBXBuildFile section */

/* Begin PBXContainerItemProxy section */
		F703D8A0154B20A30068418B /* PBXContainerItemProxy */ = {
			isa = PBXContainerItemProxy;
			containerPortal = F703D865154B20A20068418B /* Project object */;
			proxyType = 1;
			remoteGlobalIDString = F703D86D154B20A30068418B;
			remoteInfo = Photoforce;
		};
/* End PBXContainerItemProxy section */

/* Begin PBXFileReference section */
		F703D86E154B20A30068418B /* Photoforce.app */ = {isa = PBXFileReference; explicitFileType = wrapper.application; includeInIndex = 0; path = Photoforce.app; sourceTree = BUILT_PRODUCTS_DIR; };
		F703D872154B20A30068418B /* UIKit.framework */ = {isa = PBXFileReference; lastKnownFileType = wrapper.framework; name = UIKit.framework; path = System/Library/Frameworks/UIKit.framework; sourceTree = SDKROOT; };
		F703D874154B20A30068418B /* Foundation.framework */ = {isa = PBXFileReference; lastKnownFileType = wrapper.framework; name = Foundation.framework; path = System/Library/Frameworks/Foundation.framework; sourceTree = SDKROOT; };
		F703D876154B20A30068418B /* CoreGraphics.framework */ = {isa = PBXFileReference; lastKnownFileType = wrapper.framework; name = CoreGraphics.framework; path = System/Library/Frameworks/CoreGraphics.framework; sourceTree = SDKROOT; };
		F703D87A154B20A30068418B /* Photoforce-Info.plist */ = {isa = PBXFileReference; lastKnownFileType = text.plist.xml; path = "Photoforce-Info.plist"; sourceTree = "<group>"; };
		F703D87C154B20A30068418B /* en */ = {isa = PBXFileReference; lastKnownFileType = text.plist.strings; name = en; path = en.lproj/InfoPlist.strings; sourceTree = "<group>"; };
		F703D87E154B20A30068418B /* main.m */ = {isa = PBXFileReference; lastKnownFileType = sourcecode.c.objc; path = main.m; sourceTree = "<group>"; };
		F703D880154B20A30068418B /* Photoforce-Prefix.pch */ = {isa = PBXFileReference; lastKnownFileType = sourcecode.c.h; path = "Photoforce-Prefix.pch"; sourceTree = "<group>"; };
		F703D881154B20A30068418B /* AppDelegate.h */ = {isa = PBXFileReference; lastKnownFileType = sourcecode.c.h; path = AppDelegate.h; sourceTree = "<group>"; };
		F703D882154B20A30068418B /* AppDelegate.m */ = {isa = PBXFileReference; lastKnownFileType = sourcecode.c.objc; path = AppDelegate.m; sourceTree = "<group>"; };
		F703D884154B20A30068418B /* MasterViewController.h */ = {isa = PBXFileReference; lastKnownFileType = sourcecode.c.h; path = MasterViewController.h; sourceTree = "<group>"; };
		F703D885154B20A30068418B /* MasterViewController.m */ = {isa = PBXFileReference; lastKnownFileType = sourcecode.c.objc; path = MasterViewController.m; sourceTree = "<group>"; };
		F703D887154B20A30068418B /* DetailViewController.h */ = {isa = PBXFileReference; lastKnownFileType = sourcecode.c.h; path = DetailViewController.h; sourceTree = "<group>"; };
		F703D888154B20A30068418B /* DetailViewController.m */ = {isa = PBXFileReference; lastKnownFileType = sourcecode.c.objc; path = DetailViewController.m; sourceTree = "<group>"; };
		F703D88B154B20A30068418B /* en */ = {isa = PBXFileReference; lastKnownFileType = file.xib; name = en; path = en.lproj/MasterViewController_iPhone.xib; sourceTree = "<group>"; };
		F703D88E154B20A30068418B /* en */ = {isa = PBXFileReference; lastKnownFileType = file.xib; name = en; path = en.lproj/MasterViewController_iPad.xib; sourceTree = "<group>"; };
		F703D891154B20A30068418B /* en */ = {isa = PBXFileReference; lastKnownFileType = file.xib; name = en; path = en.lproj/DetailViewController_iPhone.xib; sourceTree = "<group>"; };
		F703D894154B20A30068418B /* en */ = {isa = PBXFileReference; lastKnownFileType = file.xib; name = en; path = en.lproj/DetailViewController_iPad.xib; sourceTree = "<group>"; };
		F703D89B154B20A30068418B /* PhotoforceTests.octest */ = {isa = PBXFileReference; explicitFileType = wrapper.cfbundle; includeInIndex = 0; path = PhotoforceTests.octest; sourceTree = BUILT_PRODUCTS_DIR; };
		F703D89C154B20A30068418B /* SenTestingKit.framework */ = {isa = PBXFileReference; lastKnownFileType = wrapper.framework; name = SenTestingKit.framework; path = Library/Frameworks/SenTestingKit.framework; sourceTree = DEVELOPER_DIR; };
		F703D8A4154B20A30068418B /* PhotoforceTests-Info.plist */ = {isa = PBXFileReference; lastKnownFileType = text.plist.xml; path = "PhotoforceTests-Info.plist"; sourceTree = "<group>"; };
		F703D8A6154B20A30068418B /* en */ = {isa = PBXFileReference; lastKnownFileType = text.plist.strings; name = en; path = en.lproj/InfoPlist.strings; sourceTree = "<group>"; };
		F703D8A8154B20A30068418B /* PhotoforceTests.h */ = {isa = PBXFileReference; lastKnownFileType = sourcecode.c.h; path = PhotoforceTests.h; sourceTree = "<group>"; };
		F703D8A9154B20A30068418B /* PhotoforceTests.m */ = {isa = PBXFileReference; lastKnownFileType = sourcecode.c.objc; path = PhotoforceTests.m; sourceTree = "<group>"; };
		F703D8EB154B561B0068418B /* Parse.framework */ = {isa = PBXFileReference; lastKnownFileType = wrapper.framework; path = Parse.framework; sourceTree = "<group>"; };
		F703D8F1154B58B70068418B /* AudioToolbox.framework */ = {isa = PBXFileReference; lastKnownFileType = wrapper.framework; name = AudioToolbox.framework; path = System/Library/Frameworks/AudioToolbox.framework; sourceTree = SDKROOT; };
		F703D8F3154B58C00068418B /* CFNetwork.framework */ = {isa = PBXFileReference; lastKnownFileType = wrapper.framework; name = CFNetwork.framework; path = System/Library/Frameworks/CFNetwork.framework; sourceTree = SDKROOT; };
		F703D8F5154B58CA0068418B /* SystemConfiguration.framework */ = {isa = PBXFileReference; lastKnownFileType = wrapper.framework; name = SystemConfiguration.framework; path = System/Library/Frameworks/SystemConfiguration.framework; sourceTree = SDKROOT; };
		F703D8F7154B58D30068418B /* MobileCoreServices.framework */ = {isa = PBXFileReference; lastKnownFileType = wrapper.framework; name = MobileCoreServices.framework; path = System/Library/Frameworks/MobileCoreServices.framework; sourceTree = SDKROOT; };
		F703D8F9154B58DF0068418B /* libz.1.1.3.dylib */ = {isa = PBXFileReference; lastKnownFileType = "compiled.mach-o.dylib"; name = libz.1.1.3.dylib; path = usr/lib/libz.1.1.3.dylib; sourceTree = SDKROOT; };
		F703D8FB154B58E70068418B /* Security.framework */ = {isa = PBXFileReference; lastKnownFileType = wrapper.framework; name = Security.framework; path = System/Library/Frameworks/Security.framework; sourceTree = SDKROOT; };
		F703D8FD154B58EC0068418B /* QuartzCore.framework */ = {isa = PBXFileReference; lastKnownFileType = wrapper.framework; name = QuartzCore.framework; path = System/Library/Frameworks/QuartzCore.framework; sourceTree = SDKROOT; };
		F703D904154B70340068418B /* APICalls.h */ = {isa = PBXFileReference; fileEncoding = 4; lastKnownFileType = sourcecode.c.h; path = APICalls.h; sourceTree = "<group>"; };
		F703D905154B70340068418B /* APICalls.m */ = {isa = PBXFileReference; fileEncoding = 4; lastKnownFileType = sourcecode.c.objc; path = APICalls.m; sourceTree = "<group>"; };
		F796F31F154D089000BB7F80 /* loadingImage.png */ = {isa = PBXFileReference; lastKnownFileType = image.png; path = loadingImage.png; sourceTree = "<group>"; };
		F796F326154D163F00BB7F80 /* SVProgressHUD.m */ = {isa = PBXFileReference; fileEncoding = 4; lastKnownFileType = sourcecode.c.objc; path = SVProgressHUD.m; sourceTree = "<group>"; };
		F796F327154D163F00BB7F80 /* SVProgressHUD.bundle */ = {isa = PBXFileReference; lastKnownFileType = "wrapper.plug-in"; path = SVProgressHUD.bundle; sourceTree = "<group>"; };
		F796F328154D163F00BB7F80 /* SVProgressHUD.h */ = {isa = PBXFileReference; fileEncoding = 4; lastKnownFileType = sourcecode.c.h; path = SVProgressHUD.h; sourceTree = "<group>"; };
/* End PBXFileReference section */

/* Begin PBXFrameworksBuildPhase section */
		F703D86B154B20A30068418B /* Frameworks */ = {
			isa = PBXFrameworksBuildPhase;
			buildActionMask = 2147483647;
			files = (
				F703D8FE154B58EC0068418B /* QuartzCore.framework in Frameworks */,
				F703D8FC154B58E70068418B /* Security.framework in Frameworks */,
				F703D8FA154B58DF0068418B /* libz.1.1.3.dylib in Frameworks */,
				F703D8F8154B58D30068418B /* MobileCoreServices.framework in Frameworks */,
				F703D8F6154B58CA0068418B /* SystemConfiguration.framework in Frameworks */,
				F703D8F4154B58C00068418B /* CFNetwork.framework in Frameworks */,
				F703D8F2154B58B70068418B /* AudioToolbox.framework in Frameworks */,
				F703D873154B20A30068418B /* UIKit.framework in Frameworks */,
				F703D875154B20A30068418B /* Foundation.framework in Frameworks */,
				F703D877154B20A30068418B /* CoreGraphics.framework in Frameworks */,
				F703D8EC154B561B0068418B /* Parse.framework in Frameworks */,
			);
			runOnlyForDeploymentPostprocessing = 0;
		};
		F703D897154B20A30068418B /* Frameworks */ = {
			isa = PBXFrameworksBuildPhase;
			buildActionMask = 2147483647;
			files = (
				F703D89D154B20A30068418B /* SenTestingKit.framework in Frameworks */,
				F703D89E154B20A30068418B /* UIKit.framework in Frameworks */,
				F703D89F154B20A30068418B /* Foundation.framework in Frameworks */,
			);
			runOnlyForDeploymentPostprocessing = 0;
		};
/* End PBXFrameworksBuildPhase section */

/* Begin PBXGroup section */
		F703D863154B20A20068418B = {
			isa = PBXGroup;
			children = (
				F703D878154B20A30068418B /* Photoforce */,
				F703D8A2154B20A30068418B /* PhotoforceTests */,
				F796F31D154D087800BB7F80 /* Resources */,
				F703D871154B20A30068418B /* Frameworks */,
				F703D86F154B20A30068418B /* Products */,
			);
			sourceTree = "<group>";
		};
		F703D86F154B20A30068418B /* Products */ = {
			isa = PBXGroup;
			children = (
				F703D86E154B20A30068418B /* Photoforce.app */,
				F703D89B154B20A30068418B /* PhotoforceTests.octest */,
			);
			name = Products;
			sourceTree = "<group>";
		};
		F703D871154B20A30068418B /* Frameworks */ = {
			isa = PBXGroup;
			children = (
				F703D8FD154B58EC0068418B /* QuartzCore.framework */,
				F703D8FB154B58E70068418B /* Security.framework */,
				F703D8F9154B58DF0068418B /* libz.1.1.3.dylib */,
				F703D8F7154B58D30068418B /* MobileCoreServices.framework */,
				F703D8F5154B58CA0068418B /* SystemConfiguration.framework */,
				F703D8F3154B58C00068418B /* CFNetwork.framework */,
				F703D8F1154B58B70068418B /* AudioToolbox.framework */,
				F703D8EB154B561B0068418B /* Parse.framework */,
				F703D872154B20A30068418B /* UIKit.framework */,
				F703D874154B20A30068418B /* Foundation.framework */,
				F703D876154B20A30068418B /* CoreGraphics.framework */,
				F703D89C154B20A30068418B /* SenTestingKit.framework */,
			);
			name = Frameworks;
			sourceTree = "<group>";
		};
		F703D878154B20A30068418B /* Photoforce */ = {
			isa = PBXGroup;
			children = (
				F703D903154B70120068418B /* API Requests */,
				F703D8E6154B24750068418B /* Authentication */,
				F703D8E5154B24620068418B /* Home */,
				F703D881154B20A30068418B /* AppDelegate.h */,
				F703D882154B20A30068418B /* AppDelegate.m */,
				F703D879154B20A30068418B /* Supporting Files */,
				F796F325154D162500BB7F80 /* Helper Classes */,
			);
			path = Photoforce;
			sourceTree = "<group>";
		};
		F703D879154B20A30068418B /* Supporting Files */ = {
			isa = PBXGroup;
			children = (
				F703D87A154B20A30068418B /* Photoforce-Info.plist */,
				F703D87B154B20A30068418B /* InfoPlist.strings */,
				F703D87E154B20A30068418B /* main.m */,
				F703D880154B20A30068418B /* Photoforce-Prefix.pch */,
			);
			name = "Supporting Files";
			sourceTree = "<group>";
		};
		F703D8A2154B20A30068418B /* PhotoforceTests */ = {
			isa = PBXGroup;
			children = (
				F703D8A8154B20A30068418B /* PhotoforceTests.h */,
				F703D8A9154B20A30068418B /* PhotoforceTests.m */,
				F703D8A3154B20A30068418B /* Supporting Files */,
			);
			path = PhotoforceTests;
			sourceTree = "<group>";
		};
		F703D8A3154B20A30068418B /* Supporting Files */ = {
			isa = PBXGroup;
			children = (
				F703D8A4154B20A30068418B /* PhotoforceTests-Info.plist */,
				F703D8A5154B20A30068418B /* InfoPlist.strings */,
			);
			name = "Supporting Files";
			sourceTree = "<group>";
		};
		F703D8E5154B24620068418B /* Home */ = {
			isa = PBXGroup;
			children = (
				F703D884154B20A30068418B /* MasterViewController.h */,
				F703D885154B20A30068418B /* MasterViewController.m */,
				F703D88A154B20A30068418B /* MasterViewController_iPhone.xib */,
				F703D88D154B20A30068418B /* MasterViewController_iPad.xib */,
			);
			name = Home;
			sourceTree = "<group>";
		};
		F703D8E6154B24750068418B /* Authentication */ = {
			isa = PBXGroup;
			children = (
				F703D887154B20A30068418B /* DetailViewController.h */,
				F703D888154B20A30068418B /* DetailViewController.m */,
				F703D890154B20A30068418B /* DetailViewController_iPhone.xib */,
				F703D893154B20A30068418B /* DetailViewController_iPad.xib */,
			);
			name = Authentication;
			sourceTree = "<group>";
		};
		F703D903154B70120068418B /* API Requests */ = {
			isa = PBXGroup;
			children = (
				F703D904154B70340068418B /* APICalls.h */,
				F703D905154B70340068418B /* APICalls.m */,
			);
			name = "API Requests";
			sourceTree = "<group>";
		};
		F796F31D154D087800BB7F80 /* Resources */ = {
			isa = PBXGroup;
			children = (
				F796F31F154D089000BB7F80 /* loadingImage.png */,
			);
			name = Resources;
			path = Photoforce;
			sourceTree = "<group>";
		};
		F796F325154D162500BB7F80 /* Helper Classes */ = {
			isa = PBXGroup;
			children = (
				F796F326154D163F00BB7F80 /* SVProgressHUD.m */,
				F796F327154D163F00BB7F80 /* SVProgressHUD.bundle */,
				F796F328154D163F00BB7F80 /* SVProgressHUD.h */,
			);
			name = "Helper Classes";
			sourceTree = "<group>";
		};
/* End PBXGroup section */

/* Begin PBXNativeTarget section */
		F703D86D154B20A30068418B /* Photoforce */ = {
			isa = PBXNativeTarget;
			buildConfigurationList = F703D8AD154B20A30068418B /* Build configuration list for PBXNativeTarget "Photoforce" */;
			buildPhases = (
				F703D86A154B20A30068418B /* Sources */,
				F703D86B154B20A30068418B /* Frameworks */,
				F703D86C154B20A30068418B /* Resources */,
			);
			buildRules = (
			);
			dependencies = (
			);
			name = Photoforce;
			productName = Photoforce;
			productReference = F703D86E154B20A30068418B /* Photoforce.app */;
			productType = "com.apple.product-type.application";
		};
		F703D89A154B20A30068418B /* PhotoforceTests */ = {
			isa = PBXNativeTarget;
			buildConfigurationList = F703D8B0154B20A30068418B /* Build configuration list for PBXNativeTarget "PhotoforceTests" */;
			buildPhases = (
				F703D896154B20A30068418B /* Sources */,
				F703D897154B20A30068418B /* Frameworks */,
				F703D898154B20A30068418B /* Resources */,
				F703D899154B20A30068418B /* ShellScript */,
			);
			buildRules = (
			);
			dependencies = (
				F703D8A1154B20A30068418B /* PBXTargetDependency */,
			);
			name = PhotoforceTests;
			productName = PhotoforceTests;
			productReference = F703D89B154B20A30068418B /* PhotoforceTests.octest */;
			productType = "com.apple.product-type.bundle";
		};
/* End PBXNativeTarget section */

/* Begin PBXProject section */
		F703D865154B20A20068418B /* Project object */ = {
			isa = PBXProject;
			attributes = {
				LastUpgradeCheck = 0430;
			};
			buildConfigurationList = F703D868154B20A20068418B /* Build configuration list for PBXProject "Photoforce" */;
			compatibilityVersion = "Xcode 3.2";
			developmentRegion = English;
			hasScannedForEncodings = 0;
			knownRegions = (
				en,
			);
			mainGroup = F703D863154B20A20068418B;
			productRefGroup = F703D86F154B20A30068418B /* Products */;
			projectDirPath = "";
			projectRoot = "";
			targets = (
				F703D86D154B20A30068418B /* Photoforce */,
				F703D89A154B20A30068418B /* PhotoforceTests */,
			);
		};
/* End PBXProject section */

/* Begin PBXResourcesBuildPhase section */
		F703D86C154B20A30068418B /* Resources */ = {
			isa = PBXResourcesBuildPhase;
			buildActionMask = 2147483647;
			files = (
				F703D87D154B20A30068418B /* InfoPlist.strings in Resources */,
				F703D88C154B20A30068418B /* MasterViewController_iPhone.xib in Resources */,
				F703D88F154B20A30068418B /* MasterViewController_iPad.xib in Resources */,
				F703D892154B20A30068418B /* DetailViewController_iPhone.xib in Resources */,
				F703D895154B20A30068418B /* DetailViewController_iPad.xib in Resources */,
				F796F320154D089000BB7F80 /* loadingImage.png in Resources */,
				F796F32A154D163F00BB7F80 /* SVProgressHUD.bundle in Resources */,
			);
			runOnlyForDeploymentPostprocessing = 0;
		};
		F703D898154B20A30068418B /* Resources */ = {
			isa = PBXResourcesBuildPhase;
			buildActionMask = 2147483647;
			files = (
				F703D8A7154B20A30068418B /* InfoPlist.strings in Resources */,
			);
			runOnlyForDeploymentPostprocessing = 0;
		};
/* End PBXResourcesBuildPhase section */

/* Begin PBXShellScriptBuildPhase section */
		F703D899154B20A30068418B /* ShellScript */ = {
			isa = PBXShellScriptBuildPhase;
			buildActionMask = 2147483647;
			files = (
			);
			inputPaths = (
			);
			outputPaths = (
			);
			runOnlyForDeploymentPostprocessing = 0;
			shellPath = /bin/sh;
			shellScript = "# Run the unit tests in this test bundle.\n\"${SYSTEM_DEVELOPER_DIR}/Tools/RunUnitTests\"\n";
		};
/* End PBXShellScriptBuildPhase section */

/* Begin PBXSourcesBuildPhase section */
		F703D86A154B20A30068418B /* Sources */ = {
			isa = PBXSourcesBuildPhase;
			buildActionMask = 2147483647;
			files = (
				F703D87F154B20A30068418B /* main.m in Sources */,
				F703D883154B20A30068418B /* AppDelegate.m in Sources */,
				F703D886154B20A30068418B /* MasterViewController.m in Sources */,
				F703D889154B20A30068418B /* DetailViewController.m in Sources */,
				F703D906154B70340068418B /* APICalls.m in Sources */,
				F796F329154D163F00BB7F80 /* SVProgressHUD.m in Sources */,
			);
			runOnlyForDeploymentPostprocessing = 0;
		};
		F703D896154B20A30068418B /* Sources */ = {
			isa = PBXSourcesBuildPhase;
			buildActionMask = 2147483647;
			files = (
				F703D8AA154B20A30068418B /* PhotoforceTests.m in Sources */,
			);
			runOnlyForDeploymentPostprocessing = 0;
		};
/* End PBXSourcesBuildPhase section */

/* Begin PBXTargetDependency section */
		F703D8A1154B20A30068418B /* PBXTargetDependency */ = {
			isa = PBXTargetDependency;
			target = F703D86D154B20A30068418B /* Photoforce */;
			targetProxy = F703D8A0154B20A30068418B /* PBXContainerItemProxy */;
		};
/* End PBXTargetDependency section */

/* Begin PBXVariantGroup section */
		F703D87B154B20A30068418B /* InfoPlist.strings */ = {
			isa = PBXVariantGroup;
			children = (
				F703D87C154B20A30068418B /* en */,
			);
			name = InfoPlist.strings;
			sourceTree = "<group>";
		};
		F703D88A154B20A30068418B /* MasterViewController_iPhone.xib */ = {
			isa = PBXVariantGroup;
			children = (
				F703D88B154B20A30068418B /* en */,
			);
			name = MasterViewController_iPhone.xib;
			sourceTree = "<group>";
		};
		F703D88D154B20A30068418B /* MasterViewController_iPad.xib */ = {
			isa = PBXVariantGroup;
			children = (
				F703D88E154B20A30068418B /* en */,
			);
			name = MasterViewController_iPad.xib;
			sourceTree = "<group>";
		};
		F703D890154B20A30068418B /* DetailViewController_iPhone.xib */ = {
			isa = PBXVariantGroup;
			children = (
				F703D891154B20A30068418B /* en */,
			);
			name = DetailViewController_iPhone.xib;
			sourceTree = "<group>";
		};
		F703D893154B20A30068418B /* DetailViewController_iPad.xib */ = {
			isa = PBXVariantGroup;
			children = (
				F703D894154B20A30068418B /* en */,
			);
			name = DetailViewController_iPad.xib;
			sourceTree = "<group>";
		};
		F703D8A5154B20A30068418B /* InfoPlist.strings */ = {
			isa = PBXVariantGroup;
			children = (
				F703D8A6154B20A30068418B /* en */,
			);
			name = InfoPlist.strings;
			sourceTree = "<group>";
		};
/* End PBXVariantGroup section */

/* Begin XCBuildConfiguration section */
		F703D8AB154B20A30068418B /* Debug */ = {
			isa = XCBuildConfiguration;
			buildSettings = {
				ALWAYS_SEARCH_USER_PATHS = NO;
				ARCHS = "$(ARCHS_STANDARD_32_BIT)";
				CLANG_ENABLE_OBJC_ARC = YES;
				"CODE_SIGN_IDENTITY[sdk=iphoneos*]" = "iPhone Developer";
				COPY_PHASE_STRIP = NO;
				GCC_C_LANGUAGE_STANDARD = gnu99;
				GCC_DYNAMIC_NO_PIC = NO;
				GCC_OPTIMIZATION_LEVEL = 0;
				GCC_PREPROCESSOR_DEFINITIONS = (
					"DEBUG=1",
					"$(inherited)",
				);
				GCC_SYMBOLS_PRIVATE_EXTERN = NO;
				GCC_VERSION = com.apple.compilers.llvm.clang.1_0;
				GCC_WARN_ABOUT_RETURN_TYPE = YES;
				GCC_WARN_UNINITIALIZED_AUTOS = YES;
				GCC_WARN_UNUSED_VARIABLE = YES;
				IPHONEOS_DEPLOYMENT_TARGET = 5.1;
				SDKROOT = iphoneos;
				TARGETED_DEVICE_FAMILY = "1,2";
			};
			name = Debug;
		};
		F703D8AC154B20A30068418B /* Release */ = {
			isa = XCBuildConfiguration;
			buildSettings = {
				ALWAYS_SEARCH_USER_PATHS = NO;
				ARCHS = "$(ARCHS_STANDARD_32_BIT)";
				CLANG_ENABLE_OBJC_ARC = YES;
				"CODE_SIGN_IDENTITY[sdk=iphoneos*]" = "iPhone Developer";
				COPY_PHASE_STRIP = YES;
				GCC_C_LANGUAGE_STANDARD = gnu99;
				GCC_VERSION = com.apple.compilers.llvm.clang.1_0;
				GCC_WARN_ABOUT_RETURN_TYPE = YES;
				GCC_WARN_UNINITIALIZED_AUTOS = YES;
				GCC_WARN_UNUSED_VARIABLE = YES;
				IPHONEOS_DEPLOYMENT_TARGET = 5.1;
				OTHER_CFLAGS = "-DNS_BLOCK_ASSERTIONS=1";
				SDKROOT = iphoneos;
				TARGETED_DEVICE_FAMILY = "1,2";
				VALIDATE_PRODUCT = YES;
			};
			name = Release;
		};
		F703D8AE154B20A30068418B /* Debug */ = {
			isa = XCBuildConfiguration;
			buildSettings = {
				FRAMEWORK_SEARCH_PATHS = (
					"$(inherited)",
					"\"$(SRCROOT)\"",
				);
				GCC_PRECOMPILE_PREFIX_HEADER = YES;
				GCC_PREFIX_HEADER = "Photoforce/Photoforce-Prefix.pch";
				INFOPLIST_FILE = "Photoforce/Photoforce-Info.plist";
				PRODUCT_NAME = "$(TARGET_NAME)";
				WRAPPER_EXTENSION = app;
			};
			name = Debug;
		};
		F703D8AF154B20A30068418B /* Release */ = {
			isa = XCBuildConfiguration;
			buildSettings = {
				FRAMEWORK_SEARCH_PATHS = (
					"$(inherited)",
					"\"$(SRCROOT)\"",
				);
				GCC_PRECOMPILE_PREFIX_HEADER = YES;
				GCC_PREFIX_HEADER = "Photoforce/Photoforce-Prefix.pch";
				INFOPLIST_FILE = "Photoforce/Photoforce-Info.plist";
				PRODUCT_NAME = "$(TARGET_NAME)";
				WRAPPER_EXTENSION = app;
			};
			name = Release;
		};
		F703D8B1154B20A30068418B /* Debug */ = {
			isa = XCBuildConfiguration;
			buildSettings = {
				BUNDLE_LOADER = "$(BUILT_PRODUCTS_DIR)/Photoforce.app/Photoforce";
				FRAMEWORK_SEARCH_PATHS = (
					"$(SDKROOT)/Developer/Library/Frameworks",
					"$(DEVELOPER_LIBRARY_DIR)/Frameworks",
				);
				GCC_PRECOMPILE_PREFIX_HEADER = YES;
				GCC_PREFIX_HEADER = "Photoforce/Photoforce-Prefix.pch";
				INFOPLIST_FILE = "PhotoforceTests/PhotoforceTests-Info.plist";
				PRODUCT_NAME = "$(TARGET_NAME)";
				TEST_HOST = "$(BUNDLE_LOADER)";
				WRAPPER_EXTENSION = octest;
			};
			name = Debug;
		};
		F703D8B2154B20A30068418B /* Release */ = {
			isa = XCBuildConfiguration;
			buildSettings = {
				BUNDLE_LOADER = "$(BUILT_PRODUCTS_DIR)/Photoforce.app/Photoforce";
				FRAMEWORK_SEARCH_PATHS = (
					"$(SDKROOT)/Developer/Library/Frameworks",
					"$(DEVELOPER_LIBRARY_DIR)/Frameworks",
				);
				GCC_PRECOMPILE_PREFIX_HEADER = YES;
				GCC_PREFIX_HEADER = "Photoforce/Photoforce-Prefix.pch";
				INFOPLIST_FILE = "PhotoforceTests/PhotoforceTests-Info.plist";
				PRODUCT_NAME = "$(TARGET_NAME)";
				TEST_HOST = "$(BUNDLE_LOADER)";
				WRAPPER_EXTENSION = octest;
			};
			name = Release;
		};
/* End XCBuildConfiguration section */

/* Begin XCConfigurationList section */
		F703D868154B20A20068418B /* Build configuration list for PBXProject "Photoforce" */ = {
			isa = XCConfigurationList;
			buildConfigurations = (
				F703D8AB154B20A30068418B /* Debug */,
				F703D8AC154B20A30068418B /* Release */,
			);
			defaultConfigurationIsVisible = 0;
			defaultConfigurationName = Release;
		};
		F703D8AD154B20A30068418B /* Build configuration list for PBXNativeTarget "Photoforce" */ = {
			isa = XCConfigurationList;
			buildConfigurations = (
				F703D8AE154B20A30068418B /* Debug */,
				F703D8AF154B20A30068418B /* Release */,
			);
			defaultConfigurationIsVisible = 0;
			defaultConfigurationName = Release;
		};
		F703D8B0154B20A30068418B /* Build configuration list for PBXNativeTarget "PhotoforceTests" */ = {
			isa = XCConfigurationList;
			buildConfigurations = (
				F703D8B1154B20A30068418B /* Debug */,
				F703D8B2154B20A30068418B /* Release */,
			);
			defaultConfigurationIsVisible = 0;
			defaultConfigurationName = Release;
		};
/* End XCConfigurationList section */
	};
	rootObject = F703D865154B20A20068418B /* Project object */;
}
